
Microsoft Visual Studio Solution File, Format Version 12.00
# Visual Studio Version 16
VisualStudioVersion = 16.0.30114.105
MinimumVisualStudioVersion = 10.0.40219.1
Project("{D954291E-2A0B-460D-934E-DC6B0785DB48}") = "Covidonus.Shared", "Covidonus\Covidonus.Shared\Covidonus.Shared.shproj", "{6279C845-92F8-4333-AB99-3D213163593C}"
EndProject
Project("{FAE04EC0-301F-11D3-BF4B-00C04F79EFBC}") = "Covidonus.Droid", "Covidonus\Covidonus.Droid\Covidonus.Droid.csproj", "{F2AB94EB-C025-49D5-ABE1-8D9361608A6A}"
EndProject
Project("{FAE04EC0-301F-11D3-BF4B-00C04F79EFBC}") = "Covidonus.iOS", "Covidonus\Covidonus.iOS\Covidonus.iOS.csproj", "{FC3F7FCB-4476-49EE-86F1-ED51C2D32A68}"
EndProject
Project("{FAE04EC0-301F-11D3-BF4B-00C04F79EFBC}") = "Covidonus.UWP", "Covidonus\Covidonus.UWP\Covidonus.UWP.csproj", "{8ADC4C2E-19A7-42AA-A874-859395FF6F18}"
EndProject
Project("{9A19103F-16F7-4668-BE54-9A1E7A4F7556}") = "Covidonus.Wasm", "Covidonus\Covidonus.Wasm\Covidonus.Wasm.csproj", "{B25B571F-2F54-4CE7-9760-F6D6EAF6EF40}"
EndProject
Project("{FAE04EC0-301F-11D3-BF4B-00C04F79EFBC}") = "Covidonus.macOS", "Covidonus\Covidonus.macOS\Covidonus.macOS.csproj", "{9AED0688-EEAD-4ABD-8872-FFADB5106298}"
EndProject
Project("{9A19103F-16F7-4668-BE54-9A1E7A4F7556}") = "Uno.Material", "Covidonus\library\Uno.Material\Uno.Material.csproj", "{5522810B-B857-41BB-8A55-E43A04DAEAAD}"
EndProject
Project("{FAE04EC0-301F-11D3-BF4B-00C04F79EFBC}") = "CovidonusApi", "CovidonusApi\CovidonusApi.csproj", "{2497B804-D007-4C44-BC73-12F3EB4EAE98}"
EndProject
Global
	GlobalSection(SharedMSBuildProjectFiles) = preSolution
		Covidonus\Covidonus.Shared\Covidonus.Shared.projitems*{6279c845-92f8-4333-ab99-3d213163593c}*SharedItemsImports = 13
		Covidonus\Covidonus.Shared\Covidonus.Shared.projitems*{8adc4c2e-19a7-42aa-a874-859395ff6f18}*SharedItemsImports = 4
		Covidonus\Covidonus.Shared\Covidonus.Shared.projitems*{9aed0688-eead-4abd-8872-ffadb5106298}*SharedItemsImports = 4
		Covidonus\Covidonus.Shared\Covidonus.Shared.projitems*{b25b571f-2f54-4ce7-9760-f6d6eaf6ef40}*SharedItemsImports = 5
		Covidonus\Covidonus.Shared\Covidonus.Shared.projitems*{f2ab94eb-c025-49d5-abe1-8d9361608a6a}*SharedItemsImports = 4
		Covidonus\Covidonus.Shared\Covidonus.Shared.projitems*{fc3f7fcb-4476-49ee-86f1-ed51c2d32a68}*SharedItemsImports = 4
	EndGlobalSection
	GlobalSection(SolutionConfigurationPlatforms) = preSolution
		Ad-Hoc|Any CPU = Ad-Hoc|Any CPU
		Ad-Hoc|ARM = Ad-Hoc|ARM
		Ad-Hoc|ARM64 = Ad-Hoc|ARM64
		Ad-Hoc|iPhone = Ad-Hoc|iPhone
		Ad-Hoc|iPhoneSimulator = Ad-Hoc|iPhoneSimulator
		Ad-Hoc|x64 = Ad-Hoc|x64
		Ad-Hoc|x86 = Ad-Hoc|x86
		AppStore|Any CPU = AppStore|Any CPU
		AppStore|ARM = AppStore|ARM
		AppStore|ARM64 = AppStore|ARM64
		AppStore|iPhone = AppStore|iPhone
		AppStore|iPhoneSimulator = AppStore|iPhoneSimulator
		AppStore|x64 = AppStore|x64
		AppStore|x86 = AppStore|x86
		Debug|Any CPU = Debug|Any CPU
		Debug|ARM = Debug|ARM
		Debug|ARM64 = Debug|ARM64
		Debug|iPhone = Debug|iPhone
		Debug|iPhoneSimulator = Debug|iPhoneSimulator
		Debug|x64 = Debug|x64
		Debug|x86 = Debug|x86
		Release|Any CPU = Release|Any CPU
		Release|ARM = Release|ARM
		Release|ARM64 = Release|ARM64
		Release|iPhone = Release|iPhone
		Release|iPhoneSimulator = Release|iPhoneSimulator
		Release|x64 = Release|x64
		Release|x86 = Release|x86
	EndGlobalSection
	GlobalSection(ProjectConfigurationPlatforms) = postSolution
		{F2AB94EB-C025-49D5-ABE1-8D9361608A6A}.Ad-Hoc|Any CPU.ActiveCfg = Release|Any CPU
		{F2AB94EB-C025-49D5-ABE1-8D9361608A6A}.Ad-Hoc|Any CPU.Build.0 = Release|Any CPU
		{F2AB94EB-C025-49D5-ABE1-8D9361608A6A}.Ad-Hoc|Any CPU.Deploy.0 = Release|Any CPU
		{F2AB94EB-C025-49D5-ABE1-8D9361608A6A}.Ad-Hoc|ARM.ActiveCfg = Release|Any CPU
		{F2AB94EB-C025-49D5-ABE1-8D9361608A6A}.Ad-Hoc|ARM.Build.0 = Release|Any CPU
		{F2AB94EB-C025-49D5-ABE1-8D9361608A6A}.Ad-Hoc|ARM.Deploy.0 = Release|Any CPU
		{F2AB94EB-C025-49D5-ABE1-8D9361608A6A}.Ad-Hoc|ARM64.ActiveCfg = Release|Any CPU
		{F2AB94EB-C025-49D5-ABE1-8D9361608A6A}.Ad-Hoc|ARM64.Build.0 = Release|Any CPU
		{F2AB94EB-C025-49D5-ABE1-8D9361608A6A}.Ad-Hoc|ARM64.Deploy.0 = Release|Any CPU
		{F2AB94EB-C025-49D5-ABE1-8D9361608A6A}.Ad-Hoc|iPhone.ActiveCfg = Release|Any CPU
		{F2AB94EB-C025-49D5-ABE1-8D9361608A6A}.Ad-Hoc|iPhone.Build.0 = Release|Any CPU
		{F2AB94EB-C025-49D5-ABE1-8D9361608A6A}.Ad-Hoc|iPhone.Deploy.0 = Release|Any CPU
		{F2AB94EB-C025-49D5-ABE1-8D9361608A6A}.Ad-Hoc|iPhoneSimulator.ActiveCfg = Release|Any CPU
		{F2AB94EB-C025-49D5-ABE1-8D9361608A6A}.Ad-Hoc|iPhoneSimulator.Build.0 = Release|Any CPU
		{F2AB94EB-C025-49D5-ABE1-8D9361608A6A}.Ad-Hoc|iPhoneSimulator.Deploy.0 = Release|Any CPU
		{F2AB94EB-C025-49D5-ABE1-8D9361608A6A}.Ad-Hoc|x64.ActiveCfg = Release|Any CPU
		{F2AB94EB-C025-49D5-ABE1-8D9361608A6A}.Ad-Hoc|x64.Build.0 = Release|Any CPU
		{F2AB94EB-C025-49D5-ABE1-8D9361608A6A}.Ad-Hoc|x64.Deploy.0 = Release|Any CPU
		{F2AB94EB-C025-49D5-ABE1-8D9361608A6A}.Ad-Hoc|x86.ActiveCfg = Release|Any CPU
		{F2AB94EB-C025-49D5-ABE1-8D9361608A6A}.Ad-Hoc|x86.Build.0 = Release|Any CPU
		{F2AB94EB-C025-49D5-ABE1-8D9361608A6A}.Ad-Hoc|x86.Deploy.0 = Release|Any CPU
		{F2AB94EB-C025-49D5-ABE1-8D9361608A6A}.AppStore|Any CPU.ActiveCfg = Release|Any CPU
		{F2AB94EB-C025-49D5-ABE1-8D9361608A6A}.AppStore|Any CPU.Build.0 = Release|Any CPU
		{F2AB94EB-C025-49D5-ABE1-8D9361608A6A}.AppStore|Any CPU.Deploy.0 = Release|Any CPU
		{F2AB94EB-C025-49D5-ABE1-8D9361608A6A}.AppStore|ARM.ActiveCfg = Release|Any CPU
		{F2AB94EB-C025-49D5-ABE1-8D9361608A6A}.AppStore|ARM.Build.0 = Release|Any CPU
		{F2AB94EB-C025-49D5-ABE1-8D9361608A6A}.AppStore|ARM.Deploy.0 = Release|Any CPU
		{F2AB94EB-C025-49D5-ABE1-8D9361608A6A}.AppStore|ARM64.ActiveCfg = Release|Any CPU
		{F2AB94EB-C025-49D5-ABE1-8D9361608A6A}.AppStore|ARM64.Build.0 = Release|Any CPU
		{F2AB94EB-C025-49D5-ABE1-8D9361608A6A}.AppStore|ARM64.Deploy.0 = Release|Any CPU
		{F2AB94EB-C025-49D5-ABE1-8D9361608A6A}.AppStore|iPhone.ActiveCfg = Release|Any CPU
		{F2AB94EB-C025-49D5-ABE1-8D9361608A6A}.AppStore|iPhone.Build.0 = Release|Any CPU
		{F2AB94EB-C025-49D5-ABE1-8D9361608A6A}.AppStore|iPhone.Deploy.0 = Release|Any CPU
		{F2AB94EB-C025-49D5-ABE1-8D9361608A6A}.AppStore|iPhoneSimulator.ActiveCfg = Release|Any CPU
		{F2AB94EB-C025-49D5-ABE1-8D9361608A6A}.AppStore|iPhoneSimulator.Build.0 = Release|Any CPU
		{F2AB94EB-C025-49D5-ABE1-8D9361608A6A}.AppStore|iPhoneSimulator.Deploy.0 = Release|Any CPU
		{F2AB94EB-C025-49D5-ABE1-8D9361608A6A}.AppStore|x64.ActiveCfg = Release|Any CPU
		{F2AB94EB-C025-49D5-ABE1-8D9361608A6A}.AppStore|x64.Build.0 = Release|Any CPU
		{F2AB94EB-C025-49D5-ABE1-8D9361608A6A}.AppStore|x64.Deploy.0 = Release|Any CPU
		{F2AB94EB-C025-49D5-ABE1-8D9361608A6A}.AppStore|x86.ActiveCfg = Release|Any CPU
		{F2AB94EB-C025-49D5-ABE1-8D9361608A6A}.AppStore|x86.Build.0 = Release|Any CPU
		{F2AB94EB-C025-49D5-ABE1-8D9361608A6A}.AppStore|x86.Deploy.0 = Release|Any CPU
		{F2AB94EB-C025-49D5-ABE1-8D9361608A6A}.Debug|Any CPU.ActiveCfg = Debug|Any CPU
		{F2AB94EB-C025-49D5-ABE1-8D9361608A6A}.Debug|Any CPU.Build.0 = Debug|Any CPU
		{F2AB94EB-C025-49D5-ABE1-8D9361608A6A}.Debug|Any CPU.Deploy.0 = Debug|Any CPU
		{F2AB94EB-C025-49D5-ABE1-8D9361608A6A}.Debug|ARM.ActiveCfg = Debug|Any CPU
		{F2AB94EB-C025-49D5-ABE1-8D9361608A6A}.Debug|ARM.Build.0 = Debug|Any CPU
		{F2AB94EB-C025-49D5-ABE1-8D9361608A6A}.Debug|ARM.Deploy.0 = Debug|Any CPU
		{F2AB94EB-C025-49D5-ABE1-8D9361608A6A}.Debug|ARM64.ActiveCfg = Debug|Any CPU
		{F2AB94EB-C025-49D5-ABE1-8D9361608A6A}.Debug|ARM64.Build.0 = Debug|Any CPU
		{F2AB94EB-C025-49D5-ABE1-8D9361608A6A}.Debug|ARM64.Deploy.0 = Debug|Any CPU
		{F2AB94EB-C025-49D5-ABE1-8D9361608A6A}.Debug|iPhone.ActiveCfg = Debug|Any CPU
		{F2AB94EB-C025-49D5-ABE1-8D9361608A6A}.Debug|iPhone.Build.0 = Debug|Any CPU
		{F2AB94EB-C025-49D5-ABE1-8D9361608A6A}.Debug|iPhone.Deploy.0 = Debug|Any CPU
		{F2AB94EB-C025-49D5-ABE1-8D9361608A6A}.Debug|iPhoneSimulator.ActiveCfg = Debug|Any CPU
		{F2AB94EB-C025-49D5-ABE1-8D9361608A6A}.Debug|iPhoneSimulator.Build.0 = Debug|Any CPU
		{F2AB94EB-C025-49D5-ABE1-8D9361608A6A}.Debug|iPhoneSimulator.Deploy.0 = Debug|Any CPU
		{F2AB94EB-C025-49D5-ABE1-8D9361608A6A}.Debug|x64.ActiveCfg = Debug|Any CPU
		{F2AB94EB-C025-49D5-ABE1-8D9361608A6A}.Debug|x64.Build.0 = Debug|Any CPU
		{F2AB94EB-C025-49D5-ABE1-8D9361608A6A}.Debug|x64.Deploy.0 = Debug|Any CPU
		{F2AB94EB-C025-49D5-ABE1-8D9361608A6A}.Debug|x86.ActiveCfg = Debug|Any CPU
		{F2AB94EB-C025-49D5-ABE1-8D9361608A6A}.Debug|x86.Build.0 = Debug|Any CPU
		{F2AB94EB-C025-49D5-ABE1-8D9361608A6A}.Debug|x86.Deploy.0 = Debug|Any CPU
		{F2AB94EB-C025-49D5-ABE1-8D9361608A6A}.Release|Any CPU.ActiveCfg = Release|Any CPU
		{F2AB94EB-C025-49D5-ABE1-8D9361608A6A}.Release|Any CPU.Build.0 = Release|Any CPU
		{F2AB94EB-C025-49D5-ABE1-8D9361608A6A}.Release|Any CPU.Deploy.0 = Release|Any CPU
		{F2AB94EB-C025-49D5-ABE1-8D9361608A6A}.Release|ARM.ActiveCfg = Release|Any CPU
		{F2AB94EB-C025-49D5-ABE1-8D9361608A6A}.Release|ARM.Build.0 = Release|Any CPU
		{F2AB94EB-C025-49D5-ABE1-8D9361608A6A}.Release|ARM.Deploy.0 = Release|Any CPU
		{F2AB94EB-C025-49D5-ABE1-8D9361608A6A}.Release|ARM64.ActiveCfg = Release|Any CPU
		{F2AB94EB-C025-49D5-ABE1-8D9361608A6A}.Release|ARM64.Build.0 = Release|Any CPU
		{F2AB94EB-C025-49D5-ABE1-8D9361608A6A}.Release|ARM64.Deploy.0 = Release|Any CPU
		{F2AB94EB-C025-49D5-ABE1-8D9361608A6A}.Release|iPhone.ActiveCfg = Release|Any CPU
		{F2AB94EB-C025-49D5-ABE1-8D9361608A6A}.Release|iPhone.Build.0 = Release|Any CPU
		{F2AB94EB-C025-49D5-ABE1-8D9361608A6A}.Release|iPhone.Deploy.0 = Release|Any CPU
		{F2AB94EB-C025-49D5-ABE1-8D9361608A6A}.Release|iPhoneSimulator.ActiveCfg = Release|Any CPU
		{F2AB94EB-C025-49D5-ABE1-8D9361608A6A}.Release|iPhoneSimulator.Build.0 = Release|Any CPU
		{F2AB94EB-C025-49D5-ABE1-8D9361608A6A}.Release|iPhoneSimulator.Deploy.0 = Release|Any CPU
		{F2AB94EB-C025-49D5-ABE1-8D9361608A6A}.Release|x64.ActiveCfg = Release|Any CPU
		{F2AB94EB-C025-49D5-ABE1-8D9361608A6A}.Release|x64.Build.0 = Release|Any CPU
		{F2AB94EB-C025-49D5-ABE1-8D9361608A6A}.Release|x64.Deploy.0 = Release|Any CPU
		{F2AB94EB-C025-49D5-ABE1-8D9361608A6A}.Release|x86.ActiveCfg = Release|Any CPU
		{F2AB94EB-C025-49D5-ABE1-8D9361608A6A}.Release|x86.Build.0 = Release|Any CPU
		{F2AB94EB-C025-49D5-ABE1-8D9361608A6A}.Release|x86.Deploy.0 = Release|Any CPU
		{FC3F7FCB-4476-49EE-86F1-ED51C2D32A68}.Ad-Hoc|Any CPU.ActiveCfg = Ad-Hoc|iPhone
		{FC3F7FCB-4476-49EE-86F1-ED51C2D32A68}.Ad-Hoc|ARM.ActiveCfg = Ad-Hoc|iPhone
		{FC3F7FCB-4476-49EE-86F1-ED51C2D32A68}.Ad-Hoc|ARM64.ActiveCfg = Ad-Hoc|iPhone
		{FC3F7FCB-4476-49EE-86F1-ED51C2D32A68}.Ad-Hoc|iPhone.ActiveCfg = Ad-Hoc|iPhone
		{FC3F7FCB-4476-49EE-86F1-ED51C2D32A68}.Ad-Hoc|iPhone.Build.0 = Ad-Hoc|iPhone
		{FC3F7FCB-4476-49EE-86F1-ED51C2D32A68}.Ad-Hoc|iPhoneSimulator.ActiveCfg = Ad-Hoc|iPhoneSimulator
		{FC3F7FCB-4476-49EE-86F1-ED51C2D32A68}.Ad-Hoc|iPhoneSimulator.Build.0 = Ad-Hoc|iPhoneSimulator
		{FC3F7FCB-4476-49EE-86F1-ED51C2D32A68}.Ad-Hoc|x64.ActiveCfg = Ad-Hoc|iPhone
		{FC3F7FCB-4476-49EE-86F1-ED51C2D32A68}.Ad-Hoc|x86.ActiveCfg = Ad-Hoc|iPhone
		{FC3F7FCB-4476-49EE-86F1-ED51C2D32A68}.AppStore|Any CPU.ActiveCfg = AppStore|iPhone
		{FC3F7FCB-4476-49EE-86F1-ED51C2D32A68}.AppStore|ARM.ActiveCfg = AppStore|iPhone
		{FC3F7FCB-4476-49EE-86F1-ED51C2D32A68}.AppStore|ARM64.ActiveCfg = AppStore|iPhone
		{FC3F7FCB-4476-49EE-86F1-ED51C2D32A68}.AppStore|iPhone.ActiveCfg = AppStore|iPhone
		{FC3F7FCB-4476-49EE-86F1-ED51C2D32A68}.AppStore|iPhone.Build.0 = AppStore|iPhone
		{FC3F7FCB-4476-49EE-86F1-ED51C2D32A68}.AppStore|iPhoneSimulator.ActiveCfg = AppStore|iPhoneSimulator
		{FC3F7FCB-4476-49EE-86F1-ED51C2D32A68}.AppStore|iPhoneSimulator.Build.0 = AppStore|iPhoneSimulator
		{FC3F7FCB-4476-49EE-86F1-ED51C2D32A68}.AppStore|x64.ActiveCfg = AppStore|iPhone
		{FC3F7FCB-4476-49EE-86F1-ED51C2D32A68}.AppStore|x86.ActiveCfg = AppStore|iPhone
		{FC3F7FCB-4476-49EE-86F1-ED51C2D32A68}.Debug|Any CPU.ActiveCfg = Debug|iPhone
		{FC3F7FCB-4476-49EE-86F1-ED51C2D32A68}.Debug|ARM.ActiveCfg = Debug|iPhone
		{FC3F7FCB-4476-49EE-86F1-ED51C2D32A68}.Debug|ARM64.ActiveCfg = Debug|iPhone
		{FC3F7FCB-4476-49EE-86F1-ED51C2D32A68}.Debug|iPhone.ActiveCfg = Debug|iPhone
		{FC3F7FCB-4476-49EE-86F1-ED51C2D32A68}.Debug|iPhone.Build.0 = Debug|iPhone
		{FC3F7FCB-4476-49EE-86F1-ED51C2D32A68}.Debug|iPhoneSimulator.ActiveCfg = Debug|iPhoneSimulator
		{FC3F7FCB-4476-49EE-86F1-ED51C2D32A68}.Debug|iPhoneSimulator.Build.0 = Debug|iPhoneSimulator
		{FC3F7FCB-4476-49EE-86F1-ED51C2D32A68}.Debug|x64.ActiveCfg = Debug|iPhone
		{FC3F7FCB-4476-49EE-86F1-ED51C2D32A68}.Debug|x86.ActiveCfg = Debug|iPhone
		{FC3F7FCB-4476-49EE-86F1-ED51C2D32A68}.Release|Any CPU.ActiveCfg = Release|iPhone
		{FC3F7FCB-4476-49EE-86F1-ED51C2D32A68}.Release|ARM.ActiveCfg = Release|iPhone
		{FC3F7FCB-4476-49EE-86F1-ED51C2D32A68}.Release|ARM64.ActiveCfg = Release|iPhone
		{FC3F7FCB-4476-49EE-86F1-ED51C2D32A68}.Release|iPhone.ActiveCfg = Release|iPhone
		{FC3F7FCB-4476-49EE-86F1-ED51C2D32A68}.Release|iPhone.Build.0 = Release|iPhone
		{FC3F7FCB-4476-49EE-86F1-ED51C2D32A68}.Release|iPhoneSimulator.ActiveCfg = Release|iPhoneSimulator
		{FC3F7FCB-4476-49EE-86F1-ED51C2D32A68}.Release|iPhoneSimulator.Build.0 = Release|iPhoneSimulator
		{FC3F7FCB-4476-49EE-86F1-ED51C2D32A68}.Release|x64.ActiveCfg = Release|iPhone
		{FC3F7FCB-4476-49EE-86F1-ED51C2D32A68}.Release|x86.ActiveCfg = Release|iPhone
		{8ADC4C2E-19A7-42AA-A874-859395FF6F18}.Ad-Hoc|Any CPU.ActiveCfg = Release|x64
		{8ADC4C2E-19A7-42AA-A874-859395FF6F18}.Ad-Hoc|Any CPU.Build.0 = Release|x64
		{8ADC4C2E-19A7-42AA-A874-859395FF6F18}.Ad-Hoc|Any CPU.Deploy.0 = Release|x64
		{8ADC4C2E-19A7-42AA-A874-859395FF6F18}.Ad-Hoc|ARM.ActiveCfg = Release|ARM
		{8ADC4C2E-19A7-42AA-A874-859395FF6F18}.Ad-Hoc|ARM.Build.0 = Release|ARM
		{8ADC4C2E-19A7-42AA-A874-859395FF6F18}.Ad-Hoc|ARM.Deploy.0 = Release|ARM
		{8ADC4C2E-19A7-42AA-A874-859395FF6F18}.Ad-Hoc|ARM64.ActiveCfg = Release|ARM64
		{8ADC4C2E-19A7-42AA-A874-859395FF6F18}.Ad-Hoc|ARM64.Build.0 = Release|ARM64
		{8ADC4C2E-19A7-42AA-A874-859395FF6F18}.Ad-Hoc|ARM64.Deploy.0 = Release|ARM64
		{8ADC4C2E-19A7-42AA-A874-859395FF6F18}.Ad-Hoc|iPhone.ActiveCfg = Release|x64
		{8ADC4C2E-19A7-42AA-A874-859395FF6F18}.Ad-Hoc|iPhone.Build.0 = Release|x64
		{8ADC4C2E-19A7-42AA-A874-859395FF6F18}.Ad-Hoc|iPhone.Deploy.0 = Release|x64
		{8ADC4C2E-19A7-42AA-A874-859395FF6F18}.Ad-Hoc|iPhoneSimulator.ActiveCfg = Release|x64
		{8ADC4C2E-19A7-42AA-A874-859395FF6F18}.Ad-Hoc|iPhoneSimulator.Build.0 = Release|x64
		{8ADC4C2E-19A7-42AA-A874-859395FF6F18}.Ad-Hoc|iPhoneSimulator.Deploy.0 = Release|x64
		{8ADC4C2E-19A7-42AA-A874-859395FF6F18}.Ad-Hoc|x64.ActiveCfg = Release|x64
		{8ADC4C2E-19A7-42AA-A874-859395FF6F18}.Ad-Hoc|x64.Build.0 = Release|x64
		{8ADC4C2E-19A7-42AA-A874-859395FF6F18}.Ad-Hoc|x64.Deploy.0 = Release|x64
		{8ADC4C2E-19A7-42AA-A874-859395FF6F18}.Ad-Hoc|x86.ActiveCfg = Release|x86
		{8ADC4C2E-19A7-42AA-A874-859395FF6F18}.Ad-Hoc|x86.Build.0 = Release|x86
		{8ADC4C2E-19A7-42AA-A874-859395FF6F18}.Ad-Hoc|x86.Deploy.0 = Release|x86
		{8ADC4C2E-19A7-42AA-A874-859395FF6F18}.AppStore|Any CPU.ActiveCfg = Release|x64
		{8ADC4C2E-19A7-42AA-A874-859395FF6F18}.AppStore|Any CPU.Build.0 = Release|x64
		{8ADC4C2E-19A7-42AA-A874-859395FF6F18}.AppStore|Any CPU.Deploy.0 = Release|x64
		{8ADC4C2E-19A7-42AA-A874-859395FF6F18}.AppStore|ARM.ActiveCfg = Release|ARM
		{8ADC4C2E-19A7-42AA-A874-859395FF6F18}.AppStore|ARM.Build.0 = Release|ARM
		{8ADC4C2E-19A7-42AA-A874-859395FF6F18}.AppStore|ARM.Deploy.0 = Release|ARM
		{8ADC4C2E-19A7-42AA-A874-859395FF6F18}.AppStore|ARM64.ActiveCfg = Release|ARM64
		{8ADC4C2E-19A7-42AA-A874-859395FF6F18}.AppStore|ARM64.Build.0 = Release|ARM64
		{8ADC4C2E-19A7-42AA-A874-859395FF6F18}.AppStore|ARM64.Deploy.0 = Release|ARM64
		{8ADC4C2E-19A7-42AA-A874-859395FF6F18}.AppStore|iPhone.ActiveCfg = Release|x64
		{8ADC4C2E-19A7-42AA-A874-859395FF6F18}.AppStore|iPhone.Build.0 = Release|x64
		{8ADC4C2E-19A7-42AA-A874-859395FF6F18}.AppStore|iPhone.Deploy.0 = Release|x64
		{8ADC4C2E-19A7-42AA-A874-859395FF6F18}.AppStore|iPhoneSimulator.ActiveCfg = Release|x64
		{8ADC4C2E-19A7-42AA-A874-859395FF6F18}.AppStore|iPhoneSimulator.Build.0 = Release|x64
		{8ADC4C2E-19A7-42AA-A874-859395FF6F18}.AppStore|iPhoneSimulator.Deploy.0 = Release|x64
		{8ADC4C2E-19A7-42AA-A874-859395FF6F18}.AppStore|x64.ActiveCfg = Release|x64
		{8ADC4C2E-19A7-42AA-A874-859395FF6F18}.AppStore|x64.Build.0 = Release|x64
		{8ADC4C2E-19A7-42AA-A874-859395FF6F18}.AppStore|x64.Deploy.0 = Release|x64
		{8ADC4C2E-19A7-42AA-A874-859395FF6F18}.AppStore|x86.ActiveCfg = Release|x86
		{8ADC4C2E-19A7-42AA-A874-859395FF6F18}.AppStore|x86.Build.0 = Release|x86
		{8ADC4C2E-19A7-42AA-A874-859395FF6F18}.AppStore|x86.Deploy.0 = Release|x86
		{8ADC4C2E-19A7-42AA-A874-859395FF6F18}.Debug|Any CPU.ActiveCfg = Debug|x86
		{8ADC4C2E-19A7-42AA-A874-859395FF6F18}.Debug|ARM.ActiveCfg = Debug|ARM
		{8ADC4C2E-19A7-42AA-A874-859395FF6F18}.Debug|ARM.Build.0 = Debug|ARM
		{8ADC4C2E-19A7-42AA-A874-859395FF6F18}.Debug|ARM.Deploy.0 = Debug|ARM
		{8ADC4C2E-19A7-42AA-A874-859395FF6F18}.Debug|ARM64.ActiveCfg = Debug|ARM64
		{8ADC4C2E-19A7-42AA-A874-859395FF6F18}.Debug|ARM64.Build.0 = Debug|ARM64
		{8ADC4C2E-19A7-42AA-A874-859395FF6F18}.Debug|ARM64.Deploy.0 = Debug|ARM64
		{8ADC4C2E-19A7-42AA-A874-859395FF6F18}.Debug|iPhone.ActiveCfg = Debug|x86
		{8ADC4C2E-19A7-42AA-A874-859395FF6F18}.Debug|iPhoneSimulator.ActiveCfg = Debug|x86
		{8ADC4C2E-19A7-42AA-A874-859395FF6F18}.Debug|x64.ActiveCfg = Debug|x64
		{8ADC4C2E-19A7-42AA-A874-859395FF6F18}.Debug|x64.Build.0 = Debug|x64
		{8ADC4C2E-19A7-42AA-A874-859395FF6F18}.Debug|x64.Deploy.0 = Debug|x64
		{8ADC4C2E-19A7-42AA-A874-859395FF6F18}.Debug|x86.ActiveCfg = Debug|x86
		{8ADC4C2E-19A7-42AA-A874-859395FF6F18}.Debug|x86.Build.0 = Debug|x86
		{8ADC4C2E-19A7-42AA-A874-859395FF6F18}.Debug|x86.Deploy.0 = Debug|x86
		{8ADC4C2E-19A7-42AA-A874-859395FF6F18}.Release|Any CPU.ActiveCfg = Release|x86
		{8ADC4C2E-19A7-42AA-A874-859395FF6F18}.Release|ARM.ActiveCfg = Release|ARM
		{8ADC4C2E-19A7-42AA-A874-859395FF6F18}.Release|ARM.Build.0 = Release|ARM
		{8ADC4C2E-19A7-42AA-A874-859395FF6F18}.Release|ARM.Deploy.0 = Release|ARM
		{8ADC4C2E-19A7-42AA-A874-859395FF6F18}.Release|ARM64.ActiveCfg = Release|ARM64
		{8ADC4C2E-19A7-42AA-A874-859395FF6F18}.Release|ARM64.Build.0 = Release|ARM64
		{8ADC4C2E-19A7-42AA-A874-859395FF6F18}.Release|ARM64.Deploy.0 = Release|ARM64
		{8ADC4C2E-19A7-42AA-A874-859395FF6F18}.Release|iPhone.ActiveCfg = Release|x86
		{8ADC4C2E-19A7-42AA-A874-859395FF6F18}.Release|iPhoneSimulator.ActiveCfg = Release|x86
		{8ADC4C2E-19A7-42AA-A874-859395FF6F18}.Release|x64.ActiveCfg = Release|x64
		{8ADC4C2E-19A7-42AA-A874-859395FF6F18}.Release|x64.Build.0 = Release|x64
		{8ADC4C2E-19A7-42AA-A874-859395FF6F18}.Release|x64.Deploy.0 = Release|x64
		{8ADC4C2E-19A7-42AA-A874-859395FF6F18}.Release|x86.ActiveCfg = Release|x86
		{8ADC4C2E-19A7-42AA-A874-859395FF6F18}.Release|x86.Build.0 = Release|x86
		{8ADC4C2E-19A7-42AA-A874-859395FF6F18}.Release|x86.Deploy.0 = Release|x86
		{B25B571F-2F54-4CE7-9760-F6D6EAF6EF40}.Ad-Hoc|Any CPU.ActiveCfg = Debug|Any CPU
		{B25B571F-2F54-4CE7-9760-F6D6EAF6EF40}.Ad-Hoc|Any CPU.Build.0 = Debug|Any CPU
		{B25B571F-2F54-4CE7-9760-F6D6EAF6EF40}.Ad-Hoc|ARM.ActiveCfg = Debug|Any CPU
		{B25B571F-2F54-4CE7-9760-F6D6EAF6EF40}.Ad-Hoc|ARM.Build.0 = Debug|Any CPU
		{B25B571F-2F54-4CE7-9760-F6D6EAF6EF40}.Ad-Hoc|ARM64.ActiveCfg = Debug|Any CPU
		{B25B571F-2F54-4CE7-9760-F6D6EAF6EF40}.Ad-Hoc|ARM64.Build.0 = Debug|Any CPU
		{B25B571F-2F54-4CE7-9760-F6D6EAF6EF40}.Ad-Hoc|iPhone.ActiveCfg = Debug|Any CPU
		{B25B571F-2F54-4CE7-9760-F6D6EAF6EF40}.Ad-Hoc|iPhone.Build.0 = Debug|Any CPU
		{B25B571F-2F54-4CE7-9760-F6D6EAF6EF40}.Ad-Hoc|iPhoneSimulator.ActiveCfg = Debug|Any CPU
		{B25B571F-2F54-4CE7-9760-F6D6EAF6EF40}.Ad-Hoc|iPhoneSimulator.Build.0 = Debug|Any CPU
		{B25B571F-2F54-4CE7-9760-F6D6EAF6EF40}.Ad-Hoc|x64.ActiveCfg = Debug|Any CPU
		{B25B571F-2F54-4CE7-9760-F6D6EAF6EF40}.Ad-Hoc|x64.Build.0 = Debug|Any CPU
		{B25B571F-2F54-4CE7-9760-F6D6EAF6EF40}.Ad-Hoc|x86.ActiveCfg = Debug|Any CPU
		{B25B571F-2F54-4CE7-9760-F6D6EAF6EF40}.Ad-Hoc|x86.Build.0 = Debug|Any CPU
		{B25B571F-2F54-4CE7-9760-F6D6EAF6EF40}.AppStore|Any CPU.ActiveCfg = Debug|Any CPU
		{B25B571F-2F54-4CE7-9760-F6D6EAF6EF40}.AppStore|Any CPU.Build.0 = Debug|Any CPU
		{B25B571F-2F54-4CE7-9760-F6D6EAF6EF40}.AppStore|ARM.ActiveCfg = Debug|Any CPU
		{B25B571F-2F54-4CE7-9760-F6D6EAF6EF40}.AppStore|ARM.Build.0 = Debug|Any CPU
		{B25B571F-2F54-4CE7-9760-F6D6EAF6EF40}.AppStore|ARM64.ActiveCfg = Debug|Any CPU
		{B25B571F-2F54-4CE7-9760-F6D6EAF6EF40}.AppStore|ARM64.Build.0 = Debug|Any CPU
		{B25B571F-2F54-4CE7-9760-F6D6EAF6EF40}.AppStore|iPhone.ActiveCfg = Debug|Any CPU
		{B25B571F-2F54-4CE7-9760-F6D6EAF6EF40}.AppStore|iPhone.Build.0 = Debug|Any CPU
		{B25B571F-2F54-4CE7-9760-F6D6EAF6EF40}.AppStore|iPhoneSimulator.ActiveCfg = Debug|Any CPU
		{B25B571F-2F54-4CE7-9760-F6D6EAF6EF40}.AppStore|iPhoneSimulator.Build.0 = Debug|Any CPU
		{B25B571F-2F54-4CE7-9760-F6D6EAF6EF40}.AppStore|x64.ActiveCfg = Debug|Any CPU
		{B25B571F-2F54-4CE7-9760-F6D6EAF6EF40}.AppStore|x64.Build.0 = Debug|Any CPU
		{B25B571F-2F54-4CE7-9760-F6D6EAF6EF40}.AppStore|x86.ActiveCfg = Debug|Any CPU
		{B25B571F-2F54-4CE7-9760-F6D6EAF6EF40}.AppStore|x86.Build.0 = Debug|Any CPU
		{B25B571F-2F54-4CE7-9760-F6D6EAF6EF40}.Debug|Any CPU.ActiveCfg = Debug|Any CPU
		{B25B571F-2F54-4CE7-9760-F6D6EAF6EF40}.Debug|Any CPU.Build.0 = Debug|Any CPU
		{B25B571F-2F54-4CE7-9760-F6D6EAF6EF40}.Debug|ARM.ActiveCfg = Debug|Any CPU
		{B25B571F-2F54-4CE7-9760-F6D6EAF6EF40}.Debug|ARM.Build.0 = Debug|Any CPU
		{B25B571F-2F54-4CE7-9760-F6D6EAF6EF40}.Debug|ARM64.ActiveCfg = Debug|Any CPU
		{B25B571F-2F54-4CE7-9760-F6D6EAF6EF40}.Debug|ARM64.Build.0 = Debug|Any CPU
		{B25B571F-2F54-4CE7-9760-F6D6EAF6EF40}.Debug|iPhone.ActiveCfg = Debug|Any CPU
		{B25B571F-2F54-4CE7-9760-F6D6EAF6EF40}.Debug|iPhone.Build.0 = Debug|Any CPU
		{B25B571F-2F54-4CE7-9760-F6D6EAF6EF40}.Debug|iPhoneSimulator.ActiveCfg = Debug|Any CPU
		{B25B571F-2F54-4CE7-9760-F6D6EAF6EF40}.Debug|iPhoneSimulator.Build.0 = Debug|Any CPU
		{B25B571F-2F54-4CE7-9760-F6D6EAF6EF40}.Debug|x64.ActiveCfg = Debug|Any CPU
		{B25B571F-2F54-4CE7-9760-F6D6EAF6EF40}.Debug|x64.Build.0 = Debug|Any CPU
		{B25B571F-2F54-4CE7-9760-F6D6EAF6EF40}.Debug|x86.ActiveCfg = Debug|Any CPU
		{B25B571F-2F54-4CE7-9760-F6D6EAF6EF40}.Debug|x86.Build.0 = Debug|Any CPU
		{B25B571F-2F54-4CE7-9760-F6D6EAF6EF40}.Release|Any CPU.ActiveCfg = Release|Any CPU
		{B25B571F-2F54-4CE7-9760-F6D6EAF6EF40}.Release|Any CPU.Build.0 = Release|Any CPU
		{B25B571F-2F54-4CE7-9760-F6D6EAF6EF40}.Release|ARM.ActiveCfg = Release|Any CPU
		{B25B571F-2F54-4CE7-9760-F6D6EAF6EF40}.Release|ARM.Build.0 = Release|Any CPU
		{B25B571F-2F54-4CE7-9760-F6D6EAF6EF40}.Release|ARM64.ActiveCfg = Release|Any CPU
		{B25B571F-2F54-4CE7-9760-F6D6EAF6EF40}.Release|ARM64.Build.0 = Release|Any CPU
		{B25B571F-2F54-4CE7-9760-F6D6EAF6EF40}.Release|iPhone.ActiveCfg = Release|Any CPU
		{B25B571F-2F54-4CE7-9760-F6D6EAF6EF40}.Release|iPhone.Build.0 = Release|Any CPU
		{B25B571F-2F54-4CE7-9760-F6D6EAF6EF40}.Release|iPhoneSimulator.ActiveCfg = Release|Any CPU
		{B25B571F-2F54-4CE7-9760-F6D6EAF6EF40}.Release|iPhoneSimulator.Build.0 = Release|Any CPU
		{B25B571F-2F54-4CE7-9760-F6D6EAF6EF40}.Release|x64.ActiveCfg = Release|Any CPU
		{B25B571F-2F54-4CE7-9760-F6D6EAF6EF40}.Release|x64.Build.0 = Release|Any CPU
		{B25B571F-2F54-4CE7-9760-F6D6EAF6EF40}.Release|x86.ActiveCfg = Release|Any CPU
		{B25B571F-2F54-4CE7-9760-F6D6EAF6EF40}.Release|x86.Build.0 = Release|Any CPU
		{9AED0688-EEAD-4ABD-8872-FFADB5106298}.Ad-Hoc|Any CPU.ActiveCfg = Release|iPhoneSimulator
		{9AED0688-EEAD-4ABD-8872-FFADB5106298}.Ad-Hoc|Any CPU.Build.0 = Release|iPhoneSimulator
		{9AED0688-EEAD-4ABD-8872-FFADB5106298}.Ad-Hoc|ARM.ActiveCfg = Release|iPhoneSimulator
		{9AED0688-EEAD-4ABD-8872-FFADB5106298}.Ad-Hoc|ARM.Build.0 = Release|iPhoneSimulator
		{9AED0688-EEAD-4ABD-8872-FFADB5106298}.Ad-Hoc|ARM64.ActiveCfg = Release|iPhoneSimulator
		{9AED0688-EEAD-4ABD-8872-FFADB5106298}.Ad-Hoc|ARM64.Build.0 = Release|iPhoneSimulator
		{9AED0688-EEAD-4ABD-8872-FFADB5106298}.Ad-Hoc|iPhone.ActiveCfg = Release|iPhoneSimulator
		{9AED0688-EEAD-4ABD-8872-FFADB5106298}.Ad-Hoc|iPhone.Build.0 = Release|iPhoneSimulator
		{9AED0688-EEAD-4ABD-8872-FFADB5106298}.Ad-Hoc|iPhoneSimulator.ActiveCfg = Release|iPhoneSimulator
		{9AED0688-EEAD-4ABD-8872-FFADB5106298}.Ad-Hoc|iPhoneSimulator.Build.0 = Release|iPhoneSimulator
		{9AED0688-EEAD-4ABD-8872-FFADB5106298}.Ad-Hoc|x64.ActiveCfg = Release|iPhoneSimulator
		{9AED0688-EEAD-4ABD-8872-FFADB5106298}.Ad-Hoc|x64.Build.0 = Release|iPhoneSimulator
		{9AED0688-EEAD-4ABD-8872-FFADB5106298}.Ad-Hoc|x86.ActiveCfg = Release|iPhoneSimulator
		{9AED0688-EEAD-4ABD-8872-FFADB5106298}.Ad-Hoc|x86.Build.0 = Release|iPhoneSimulator
		{9AED0688-EEAD-4ABD-8872-FFADB5106298}.AppStore|Any CPU.ActiveCfg = Release|iPhoneSimulator
		{9AED0688-EEAD-4ABD-8872-FFADB5106298}.AppStore|Any CPU.Build.0 = Release|iPhoneSimulator
		{9AED0688-EEAD-4ABD-8872-FFADB5106298}.AppStore|ARM.ActiveCfg = Release|iPhoneSimulator
		{9AED0688-EEAD-4ABD-8872-FFADB5106298}.AppStore|ARM.Build.0 = Release|iPhoneSimulator
		{9AED0688-EEAD-4ABD-8872-FFADB5106298}.AppStore|ARM64.ActiveCfg = Release|iPhoneSimulator
		{9AED0688-EEAD-4ABD-8872-FFADB5106298}.AppStore|ARM64.Build.0 = Release|iPhoneSimulator
		{9AED0688-EEAD-4ABD-8872-FFADB5106298}.AppStore|iPhone.ActiveCfg = Release|iPhoneSimulator
		{9AED0688-EEAD-4ABD-8872-FFADB5106298}.AppStore|iPhone.Build.0 = Release|iPhoneSimulator
		{9AED0688-EEAD-4ABD-8872-FFADB5106298}.AppStore|iPhoneSimulator.ActiveCfg = Release|iPhoneSimulator
		{9AED0688-EEAD-4ABD-8872-FFADB5106298}.AppStore|iPhoneSimulator.Build.0 = Release|iPhoneSimulator
		{9AED0688-EEAD-4ABD-8872-FFADB5106298}.AppStore|x64.ActiveCfg = Release|iPhoneSimulator
		{9AED0688-EEAD-4ABD-8872-FFADB5106298}.AppStore|x64.Build.0 = Release|iPhoneSimulator
		{9AED0688-EEAD-4ABD-8872-FFADB5106298}.AppStore|x86.ActiveCfg = Release|iPhoneSimulator
		{9AED0688-EEAD-4ABD-8872-FFADB5106298}.AppStore|x86.Build.0 = Release|iPhoneSimulator
		{9AED0688-EEAD-4ABD-8872-FFADB5106298}.Debug|Any CPU.ActiveCfg = Debug|iPhoneSimulator
		{9AED0688-EEAD-4ABD-8872-FFADB5106298}.Debug|ARM.ActiveCfg = Debug|iPhoneSimulator
		{9AED0688-EEAD-4ABD-8872-FFADB5106298}.Debug|ARM64.ActiveCfg = Debug|iPhoneSimulator
		{9AED0688-EEAD-4ABD-8872-FFADB5106298}.Debug|iPhone.ActiveCfg = Debug|iPhoneSimulator
		{9AED0688-EEAD-4ABD-8872-FFADB5106298}.Debug|iPhoneSimulator.ActiveCfg = Debug|iPhoneSimulator
		{9AED0688-EEAD-4ABD-8872-FFADB5106298}.Debug|iPhoneSimulator.Build.0 = Debug|iPhoneSimulator
		{9AED0688-EEAD-4ABD-8872-FFADB5106298}.Debug|x64.ActiveCfg = Debug|iPhoneSimulator
		{9AED0688-EEAD-4ABD-8872-FFADB5106298}.Debug|x86.ActiveCfg = Debug|iPhoneSimulator
		{9AED0688-EEAD-4ABD-8872-FFADB5106298}.Release|Any CPU.ActiveCfg = Release|iPhoneSimulator
		{9AED0688-EEAD-4ABD-8872-FFADB5106298}.Release|ARM.ActiveCfg = Release|iPhoneSimulator
		{9AED0688-EEAD-4ABD-8872-FFADB5106298}.Release|ARM64.ActiveCfg = Release|iPhoneSimulator
		{9AED0688-EEAD-4ABD-8872-FFADB5106298}.Release|iPhone.ActiveCfg = Release|iPhoneSimulator
		{9AED0688-EEAD-4ABD-8872-FFADB5106298}.Release|iPhoneSimulator.ActiveCfg = Release|iPhoneSimulator
		{9AED0688-EEAD-4ABD-8872-FFADB5106298}.Release|iPhoneSimulator.Build.0 = Release|iPhoneSimulator
		{9AED0688-EEAD-4ABD-8872-FFADB5106298}.Release|x64.ActiveCfg = Release|iPhoneSimulator
		{9AED0688-EEAD-4ABD-8872-FFADB5106298}.Release|x86.ActiveCfg = Release|iPhoneSimulator
		{5522810B-B857-41BB-8A55-E43A04DAEAAD}.Ad-Hoc|Any CPU.ActiveCfg = Debug|Any CPU
		{5522810B-B857-41BB-8A55-E43A04DAEAAD}.Ad-Hoc|Any CPU.Build.0 = Debug|Any CPU
		{5522810B-B857-41BB-8A55-E43A04DAEAAD}.Ad-Hoc|ARM.ActiveCfg = Debug|Any CPU
		{5522810B-B857-41BB-8A55-E43A04DAEAAD}.Ad-Hoc|ARM.Build.0 = Debug|Any CPU
		{5522810B-B857-41BB-8A55-E43A04DAEAAD}.Ad-Hoc|ARM64.ActiveCfg = Debug|Any CPU
		{5522810B-B857-41BB-8A55-E43A04DAEAAD}.Ad-Hoc|ARM64.Build.0 = Debug|Any CPU
		{5522810B-B857-41BB-8A55-E43A04DAEAAD}.Ad-Hoc|iPhone.ActiveCfg = Debug|Any CPU
		{5522810B-B857-41BB-8A55-E43A04DAEAAD}.Ad-Hoc|iPhone.Build.0 = Debug|Any CPU
		{5522810B-B857-41BB-8A55-E43A04DAEAAD}.Ad-Hoc|iPhoneSimulator.ActiveCfg = Debug|Any CPU
		{5522810B-B857-41BB-8A55-E43A04DAEAAD}.Ad-Hoc|iPhoneSimulator.Build.0 = Debug|Any CPU
		{5522810B-B857-41BB-8A55-E43A04DAEAAD}.Ad-Hoc|x64.ActiveCfg = Debug|Any CPU
		{5522810B-B857-41BB-8A55-E43A04DAEAAD}.Ad-Hoc|x64.Build.0 = Debug|Any CPU
		{5522810B-B857-41BB-8A55-E43A04DAEAAD}.Ad-Hoc|x86.ActiveCfg = Debug|Any CPU
		{5522810B-B857-41BB-8A55-E43A04DAEAAD}.Ad-Hoc|x86.Build.0 = Debug|Any CPU
		{5522810B-B857-41BB-8A55-E43A04DAEAAD}.AppStore|Any CPU.ActiveCfg = Debug|Any CPU
		{5522810B-B857-41BB-8A55-E43A04DAEAAD}.AppStore|Any CPU.Build.0 = Debug|Any CPU
		{5522810B-B857-41BB-8A55-E43A04DAEAAD}.AppStore|ARM.ActiveCfg = Debug|Any CPU
		{5522810B-B857-41BB-8A55-E43A04DAEAAD}.AppStore|ARM.Build.0 = Debug|Any CPU
		{5522810B-B857-41BB-8A55-E43A04DAEAAD}.AppStore|ARM64.ActiveCfg = Debug|Any CPU
		{5522810B-B857-41BB-8A55-E43A04DAEAAD}.AppStore|ARM64.Build.0 = Debug|Any CPU
		{5522810B-B857-41BB-8A55-E43A04DAEAAD}.AppStore|iPhone.ActiveCfg = Debug|Any CPU
		{5522810B-B857-41BB-8A55-E43A04DAEAAD}.AppStore|iPhone.Build.0 = Debug|Any CPU
		{5522810B-B857-41BB-8A55-E43A04DAEAAD}.AppStore|iPhoneSimulator.ActiveCfg = Debug|Any CPU
		{5522810B-B857-41BB-8A55-E43A04DAEAAD}.AppStore|iPhoneSimulator.Build.0 = Debug|Any CPU
		{5522810B-B857-41BB-8A55-E43A04DAEAAD}.AppStore|x64.ActiveCfg = Debug|Any CPU
		{5522810B-B857-41BB-8A55-E43A04DAEAAD}.AppStore|x64.Build.0 = Debug|Any CPU
		{5522810B-B857-41BB-8A55-E43A04DAEAAD}.AppStore|x86.ActiveCfg = Debug|Any CPU
		{5522810B-B857-41BB-8A55-E43A04DAEAAD}.AppStore|x86.Build.0 = Debug|Any CPU
		{5522810B-B857-41BB-8A55-E43A04DAEAAD}.Debug|Any CPU.ActiveCfg = Debug|Any CPU
		{5522810B-B857-41BB-8A55-E43A04DAEAAD}.Debug|Any CPU.Build.0 = Debug|Any CPU
		{5522810B-B857-41BB-8A55-E43A04DAEAAD}.Debug|ARM.ActiveCfg = Debug|Any CPU
		{5522810B-B857-41BB-8A55-E43A04DAEAAD}.Debug|ARM.Build.0 = Debug|Any CPU
		{5522810B-B857-41BB-8A55-E43A04DAEAAD}.Debug|ARM64.ActiveCfg = Debug|Any CPU
		{5522810B-B857-41BB-8A55-E43A04DAEAAD}.Debug|ARM64.Build.0 = Debug|Any CPU
		{5522810B-B857-41BB-8A55-E43A04DAEAAD}.Debug|iPhone.ActiveCfg = Debug|Any CPU
		{5522810B-B857-41BB-8A55-E43A04DAEAAD}.Debug|iPhone.Build.0 = Debug|Any CPU
		{5522810B-B857-41BB-8A55-E43A04DAEAAD}.Debug|iPhoneSimulator.ActiveCfg = Debug|Any CPU
		{5522810B-B857-41BB-8A55-E43A04DAEAAD}.Debug|iPhoneSimulator.Build.0 = Debug|Any CPU
		{5522810B-B857-41BB-8A55-E43A04DAEAAD}.Debug|x64.ActiveCfg = Debug|Any CPU
		{5522810B-B857-41BB-8A55-E43A04DAEAAD}.Debug|x64.Build.0 = Debug|Any CPU
		{5522810B-B857-41BB-8A55-E43A04DAEAAD}.Debug|x86.ActiveCfg = Debug|Any CPU
		{5522810B-B857-41BB-8A55-E43A04DAEAAD}.Debug|x86.Build.0 = Debug|Any CPU
		{5522810B-B857-41BB-8A55-E43A04DAEAAD}.Release|Any CPU.ActiveCfg = Release|Any CPU
		{5522810B-B857-41BB-8A55-E43A04DAEAAD}.Release|Any CPU.Build.0 = Release|Any CPU
		{5522810B-B857-41BB-8A55-E43A04DAEAAD}.Release|ARM.ActiveCfg = Release|Any CPU
		{5522810B-B857-41BB-8A55-E43A04DAEAAD}.Release|ARM.Build.0 = Release|Any CPU
		{5522810B-B857-41BB-8A55-E43A04DAEAAD}.Release|ARM64.ActiveCfg = Release|Any CPU
		{5522810B-B857-41BB-8A55-E43A04DAEAAD}.Release|ARM64.Build.0 = Release|Any CPU
		{5522810B-B857-41BB-8A55-E43A04DAEAAD}.Release|iPhone.ActiveCfg = Release|Any CPU
		{5522810B-B857-41BB-8A55-E43A04DAEAAD}.Release|iPhone.Build.0 = Release|Any CPU
		{5522810B-B857-41BB-8A55-E43A04DAEAAD}.Release|iPhoneSimulator.ActiveCfg = Release|Any CPU
		{5522810B-B857-41BB-8A55-E43A04DAEAAD}.Release|iPhoneSimulator.Build.0 = Release|Any CPU
		{5522810B-B857-41BB-8A55-E43A04DAEAAD}.Release|x64.ActiveCfg = Release|Any CPU
		{5522810B-B857-41BB-8A55-E43A04DAEAAD}.Release|x64.Build.0 = Release|Any CPU
		{5522810B-B857-41BB-8A55-E43A04DAEAAD}.Release|x86.ActiveCfg = Release|Any CPU
		{5522810B-B857-41BB-8A55-E43A04DAEAAD}.Release|x86.Build.0 = Release|Any CPU
		{2497B804-D007-4C44-BC73-12F3EB4EAE98}.Ad-Hoc|Any CPU.ActiveCfg = Release|Any CPU
		{2497B804-D007-4C44-BC73-12F3EB4EAE98}.Ad-Hoc|Any CPU.Build.0 = Release|Any CPU
		{2497B804-D007-4C44-BC73-12F3EB4EAE98}.Ad-Hoc|ARM.ActiveCfg = Release|Any CPU
		{2497B804-D007-4C44-BC73-12F3EB4EAE98}.Ad-Hoc|ARM.Build.0 = Release|Any CPU
		{2497B804-D007-4C44-BC73-12F3EB4EAE98}.Ad-Hoc|ARM64.ActiveCfg = Release|Any CPU
		{2497B804-D007-4C44-BC73-12F3EB4EAE98}.Ad-Hoc|ARM64.Build.0 = Release|Any CPU
		{2497B804-D007-4C44-BC73-12F3EB4EAE98}.Ad-Hoc|iPhone.ActiveCfg = Release|Any CPU
		{2497B804-D007-4C44-BC73-12F3EB4EAE98}.Ad-Hoc|iPhone.Build.0 = Release|Any CPU
		{2497B804-D007-4C44-BC73-12F3EB4EAE98}.Ad-Hoc|iPhoneSimulator.ActiveCfg = Release|Any CPU
		{2497B804-D007-4C44-BC73-12F3EB4EAE98}.Ad-Hoc|iPhoneSimulator.Build.0 = Release|Any CPU
		{2497B804-D007-4C44-BC73-12F3EB4EAE98}.Ad-Hoc|x64.ActiveCfg = Release|Any CPU
		{2497B804-D007-4C44-BC73-12F3EB4EAE98}.Ad-Hoc|x64.Build.0 = Release|Any CPU
		{2497B804-D007-4C44-BC73-12F3EB4EAE98}.Ad-Hoc|x86.ActiveCfg = Release|Any CPU
		{2497B804-D007-4C44-BC73-12F3EB4EAE98}.Ad-Hoc|x86.Build.0 = Release|Any CPU
		{2497B804-D007-4C44-BC73-12F3EB4EAE98}.AppStore|Any CPU.ActiveCfg = Release|Any CPU
		{2497B804-D007-4C44-BC73-12F3EB4EAE98}.AppStore|Any CPU.Build.0 = Release|Any CPU
		{2497B804-D007-4C44-BC73-12F3EB4EAE98}.AppStore|ARM.ActiveCfg = Release|Any CPU
		{2497B804-D007-4C44-BC73-12F3EB4EAE98}.AppStore|ARM.Build.0 = Release|Any CPU
		{2497B804-D007-4C44-BC73-12F3EB4EAE98}.AppStore|ARM64.ActiveCfg = Release|Any CPU
		{2497B804-D007-4C44-BC73-12F3EB4EAE98}.AppStore|ARM64.Build.0 = Release|Any CPU
		{2497B804-D007-4C44-BC73-12F3EB4EAE98}.AppStore|iPhone.ActiveCfg = Release|Any CPU
		{2497B804-D007-4C44-BC73-12F3EB4EAE98}.AppStore|iPhone.Build.0 = Release|Any CPU
		{2497B804-D007-4C44-BC73-12F3EB4EAE98}.AppStore|iPhoneSimulator.ActiveCfg = Release|Any CPU
		{2497B804-D007-4C44-BC73-12F3EB4EAE98}.AppStore|iPhoneSimulator.Build.0 = Release|Any CPU
		{2497B804-D007-4C44-BC73-12F3EB4EAE98}.AppStore|x64.ActiveCfg = Release|Any CPU
		{2497B804-D007-4C44-BC73-12F3EB4EAE98}.AppStore|x64.Build.0 = Release|Any CPU
		{2497B804-D007-4C44-BC73-12F3EB4EAE98}.AppStore|x86.ActiveCfg = Release|Any CPU
		{2497B804-D007-4C44-BC73-12F3EB4EAE98}.AppStore|x86.Build.0 = Release|Any CPU
		{2497B804-D007-4C44-BC73-12F3EB4EAE98}.Debug|Any CPU.ActiveCfg = Debug|Any CPU
		{2497B804-D007-4C44-BC73-12F3EB4EAE98}.Debug|Any CPU.Build.0 = Debug|Any CPU
		{2497B804-D007-4C44-BC73-12F3EB4EAE98}.Debug|ARM.ActiveCfg = Debug|Any CPU
		{2497B804-D007-4C44-BC73-12F3EB4EAE98}.Debug|ARM.Build.0 = Debug|Any CPU
		{2497B804-D007-4C44-BC73-12F3EB4EAE98}.Debug|ARM64.ActiveCfg = Debug|Any CPU
		{2497B804-D007-4C44-BC73-12F3EB4EAE98}.Debug|ARM64.Build.0 = Debug|Any CPU
		{2497B804-D007-4C44-BC73-12F3EB4EAE98}.Debug|iPhone.ActiveCfg = Debug|Any CPU
		{2497B804-D007-4C44-BC73-12F3EB4EAE98}.Debug|iPhone.Build.0 = Debug|Any CPU
		{2497B804-D007-4C44-BC73-12F3EB4EAE98}.Debug|iPhoneSimulator.ActiveCfg = Debug|Any CPU
		{2497B804-D007-4C44-BC73-12F3EB4EAE98}.Debug|iPhoneSimulator.Build.0 = Debug|Any CPU
		{2497B804-D007-4C44-BC73-12F3EB4EAE98}.Debug|x64.ActiveCfg = Debug|Any CPU
		{2497B804-D007-4C44-BC73-12F3EB4EAE98}.Debug|x64.Build.0 = Debug|Any CPU
		{2497B804-D007-4C44-BC73-12F3EB4EAE98}.Debug|x86.ActiveCfg = Debug|Any CPU
		{2497B804-D007-4C44-BC73-12F3EB4EAE98}.Debug|x86.Build.0 = Debug|Any CPU
		{2497B804-D007-4C44-BC73-12F3EB4EAE98}.Release|Any CPU.ActiveCfg = Release|Any CPU
		{2497B804-D007-4C44-BC73-12F3EB4EAE98}.Release|Any CPU.Build.0 = Release|Any CPU
		{2497B804-D007-4C44-BC73-12F3EB4EAE98}.Release|ARM.ActiveCfg = Release|Any CPU
		{2497B804-D007-4C44-BC73-12F3EB4EAE98}.Release|ARM.Build.0 = Release|Any CPU
		{2497B804-D007-4C44-BC73-12F3EB4EAE98}.Release|ARM64.ActiveCfg = Release|Any CPU
		{2497B804-D007-4C44-BC73-12F3EB4EAE98}.Release|ARM64.Build.0 = Release|Any CPU
		{2497B804-D007-4C44-BC73-12F3EB4EAE98}.Release|iPhone.ActiveCfg = Release|Any CPU
		{2497B804-D007-4C44-BC73-12F3EB4EAE98}.Release|iPhone.Build.0 = Release|Any CPU
		{2497B804-D007-4C44-BC73-12F3EB4EAE98}.Release|iPhoneSimulator.ActiveCfg = Release|Any CPU
		{2497B804-D007-4C44-BC73-12F3EB4EAE98}.Release|iPhoneSimulator.Build.0 = Release|Any CPU
		{2497B804-D007-4C44-BC73-12F3EB4EAE98}.Release|x64.ActiveCfg = Release|Any CPU
		{2497B804-D007-4C44-BC73-12F3EB4EAE98}.Release|x64.Build.0 = Release|Any CPU
		{2497B804-D007-4C44-BC73-12F3EB4EAE98}.Release|x86.ActiveCfg = Release|Any CPU
		{2497B804-D007-4C44-BC73-12F3EB4EAE98}.Release|x86.Build.0 = Release|Any CPU
	EndGlobalSection
	GlobalSection(SolutionProperties) = preSolution
		HideSolutionNode = FALSE
	EndGlobalSection
	GlobalSection(ExtensibilityGlobals) = postSolution
		SolutionGuid = {7B688C75-F080-41D1-A602-001993A48C03}
	EndGlobalSection
EndGlobal
