
Microsoft Visual Studio Solution File, Format Version 12.00
# Visual Studio Version 16
VisualStudioVersion = 16.0.31105.61
MinimumVisualStudioVersion = 10.0.40219.1
Project("{D954291E-2A0B-460D-934E-DC6B0785DB48}") = "CovidonusV2.Shared", "CovidonusV2\CovidonusV2.Shared\CovidonusV2.Shared.shproj", "{6279C845-92F8-4333-AB99-3D213163593C}"
EndProject
Project("{2150E333-8FDC-42A3-9474-1A3956D46DE8}") = "Platforms", "Platforms", "{630CF0B8-E9DF-4A5F-834B-8073469F173F}"
EndProject
Project("{FAE04EC0-301F-11D3-BF4B-00C04F79EFBC}") = "CovidonusV2.Droid", "CovidonusV2\CovidonusV2.Droid\CovidonusV2.Droid.csproj", "{E895352A-39AD-4447-B2F2-D74DC969C0EA}"
EndProject
Project("{FAE04EC0-301F-11D3-BF4B-00C04F79EFBC}") = "CovidonusV2.iOS", "CovidonusV2\CovidonusV2.iOS\CovidonusV2.iOS.csproj", "{13E806C6-3833-4012-BE89-99848B133BF2}"
EndProject
Project("{FAE04EC0-301F-11D3-BF4B-00C04F79EFBC}") = "CovidonusV2.UWP", "CovidonusV2\CovidonusV2.UWP\CovidonusV2.UWP.csproj", "{0C6812CB-3F0C-4B34-B839-FE0F1890FD15}"
EndProject
Project("{9A19103F-16F7-4668-BE54-9A1E7A4F7556}") = "CovidonusV2.Wasm", "CovidonusV2\CovidonusV2.Wasm\CovidonusV2.Wasm.csproj", "{C5612935-7C3E-4218-96BB-C4D24E18217D}"
EndProject
Project("{FAE04EC0-301F-11D3-BF4B-00C04F79EFBC}") = "CovidonusV2.macOS", "CovidonusV2\CovidonusV2.macOS\CovidonusV2.macOS.csproj", "{E9273CF3-4E18-4906-8D0E-330C29C7D113}"
EndProject
Project("{9A19103F-16F7-4668-BE54-9A1E7A4F7556}") = "CovidonusV2.Skia.Wpf.Host", "CovidonusV2\CovidonusV2.Skia.Wpf.Host\CovidonusV2.Skia.Wpf.Host.csproj", "{65A38874-33F3-4899-828F-4E1DED0B2C84}"
EndProject
Project("{9A19103F-16F7-4668-BE54-9A1E7A4F7556}") = "CovidonusV2.Skia.Wpf", "CovidonusV2\CovidonusV2.Skia.Wpf\CovidonusV2.Skia.Wpf.csproj", "{25EE3EB3-C413-4216-943B-6034947146A4}"
EndProject
Project("{9A19103F-16F7-4668-BE54-9A1E7A4F7556}") = "CovidonusV2.Skia.Gtk", "CovidonusV2\CovidonusV2.Skia.Gtk\CovidonusV2.Skia.Gtk.csproj", "{18CF47A4-D1B9-4D2C-9715-6963DD8D457B}"
EndProject
Project("{9A19103F-16F7-4668-BE54-9A1E7A4F7556}") = "CovidonusV2.Skia.Tizen", "CovidonusV2\CovidonusV2.Skia.Tizen\CovidonusV2.Skia.Tizen.csproj", "{0BFB983A-0246-4CA4-8398-A92AA4FF847A}"
EndProject
Project("{9A19103F-16F7-4668-BE54-9A1E7A4F7556}") = "Covidonus.Swag", "Covidonus.Swag\Covidonus.Swag.csproj", "{5C791157-62D7-4FA6-B366-4F5CAB83C848}"
EndProject
Global
	GlobalSection(SharedMSBuildProjectFiles) = preSolution
		CovidonusV2\CovidonusV2.Shared\CovidonusV2.Shared.projitems*{0bfb983a-0246-4ca4-8398-a92aa4ff847a}*SharedItemsImports = 5
		CovidonusV2\CovidonusV2.Shared\CovidonusV2.Shared.projitems*{0c6812cb-3f0c-4b34-b839-fe0f1890fd15}*SharedItemsImports = 4
		CovidonusV2\CovidonusV2.Shared\CovidonusV2.Shared.projitems*{13e806c6-3833-4012-be89-99848b133bf2}*SharedItemsImports = 4
		CovidonusV2\CovidonusV2.Shared\CovidonusV2.Shared.projitems*{18cf47a4-d1b9-4d2c-9715-6963dd8d457b}*SharedItemsImports = 5
		CovidonusV2\CovidonusV2.Shared\CovidonusV2.Shared.projitems*{25ee3eb3-c413-4216-943b-6034947146a4}*SharedItemsImports = 5
		CovidonusV2\CovidonusV2.Shared\CovidonusV2.Shared.projitems*{6279c845-92f8-4333-ab99-3d213163593c}*SharedItemsImports = 13
		CovidonusV2\CovidonusV2.Shared\CovidonusV2.Shared.projitems*{c5612935-7c3e-4218-96bb-c4d24e18217d}*SharedItemsImports = 5
		CovidonusV2\CovidonusV2.Shared\CovidonusV2.Shared.projitems*{e895352a-39ad-4447-b2f2-d74dc969c0ea}*SharedItemsImports = 4
		CovidonusV2\CovidonusV2.Shared\CovidonusV2.Shared.projitems*{e9273cf3-4e18-4906-8d0e-330c29c7d113}*SharedItemsImports = 4
	EndGlobalSection
	GlobalSection(SolutionConfigurationPlatforms) = preSolution
		Ad-Hoc|Any CPU = Ad-Hoc|Any CPU
		Ad-Hoc|ARM = Ad-Hoc|ARM
		Ad-Hoc|ARM64 = Ad-Hoc|ARM64
		Ad-Hoc|iPhone = Ad-Hoc|iPhone
		Ad-Hoc|iPhoneSimulator = Ad-Hoc|iPhoneSimulator
		Ad-Hoc|x64 = Ad-Hoc|x64
		Ad-Hoc|x86 = Ad-Hoc|x86
		AppStore|Any CPU = AppStore|Any CPU
		AppStore|ARM = AppStore|ARM
		AppStore|ARM64 = AppStore|ARM64
		AppStore|iPhone = AppStore|iPhone
		AppStore|iPhoneSimulator = AppStore|iPhoneSimulator
		AppStore|x64 = AppStore|x64
		AppStore|x86 = AppStore|x86
		Debug|Any CPU = Debug|Any CPU
		Debug|ARM = Debug|ARM
		Debug|ARM64 = Debug|ARM64
		Debug|iPhone = Debug|iPhone
		Debug|iPhoneSimulator = Debug|iPhoneSimulator
		Debug|x64 = Debug|x64
		Debug|x86 = Debug|x86
		Release|Any CPU = Release|Any CPU
		Release|ARM = Release|ARM
		Release|ARM64 = Release|ARM64
		Release|iPhone = Release|iPhone
		Release|iPhoneSimulator = Release|iPhoneSimulator
		Release|x64 = Release|x64
		Release|x86 = Release|x86
	EndGlobalSection
	GlobalSection(ProjectConfigurationPlatforms) = postSolution
		{E895352A-39AD-4447-B2F2-D74DC969C0EA}.Ad-Hoc|Any CPU.ActiveCfg = Debug|Any CPU
		{E895352A-39AD-4447-B2F2-D74DC969C0EA}.Ad-Hoc|Any CPU.Build.0 = Debug|Any CPU
		{E895352A-39AD-4447-B2F2-D74DC969C0EA}.Ad-Hoc|Any CPU.Deploy.0 = Debug|Any CPU
		{E895352A-39AD-4447-B2F2-D74DC969C0EA}.Ad-Hoc|ARM.ActiveCfg = Debug|Any CPU
		{E895352A-39AD-4447-B2F2-D74DC969C0EA}.Ad-Hoc|ARM.Build.0 = Debug|Any CPU
		{E895352A-39AD-4447-B2F2-D74DC969C0EA}.Ad-Hoc|ARM.Deploy.0 = Debug|Any CPU
		{E895352A-39AD-4447-B2F2-D74DC969C0EA}.Ad-Hoc|ARM64.ActiveCfg = Debug|Any CPU
		{E895352A-39AD-4447-B2F2-D74DC969C0EA}.Ad-Hoc|ARM64.Build.0 = Debug|Any CPU
		{E895352A-39AD-4447-B2F2-D74DC969C0EA}.Ad-Hoc|ARM64.Deploy.0 = Debug|Any CPU
		{E895352A-39AD-4447-B2F2-D74DC969C0EA}.Ad-Hoc|iPhone.ActiveCfg = Debug|Any CPU
		{E895352A-39AD-4447-B2F2-D74DC969C0EA}.Ad-Hoc|iPhone.Build.0 = Debug|Any CPU
		{E895352A-39AD-4447-B2F2-D74DC969C0EA}.Ad-Hoc|iPhone.Deploy.0 = Debug|Any CPU
		{E895352A-39AD-4447-B2F2-D74DC969C0EA}.Ad-Hoc|iPhoneSimulator.ActiveCfg = Debug|Any CPU
		{E895352A-39AD-4447-B2F2-D74DC969C0EA}.Ad-Hoc|iPhoneSimulator.Build.0 = Debug|Any CPU
		{E895352A-39AD-4447-B2F2-D74DC969C0EA}.Ad-Hoc|iPhoneSimulator.Deploy.0 = Debug|Any CPU
		{E895352A-39AD-4447-B2F2-D74DC969C0EA}.Ad-Hoc|x64.ActiveCfg = Debug|Any CPU
		{E895352A-39AD-4447-B2F2-D74DC969C0EA}.Ad-Hoc|x64.Build.0 = Debug|Any CPU
		{E895352A-39AD-4447-B2F2-D74DC969C0EA}.Ad-Hoc|x64.Deploy.0 = Debug|Any CPU
		{E895352A-39AD-4447-B2F2-D74DC969C0EA}.Ad-Hoc|x86.ActiveCfg = Debug|Any CPU
		{E895352A-39AD-4447-B2F2-D74DC969C0EA}.Ad-Hoc|x86.Build.0 = Debug|Any CPU
		{E895352A-39AD-4447-B2F2-D74DC969C0EA}.Ad-Hoc|x86.Deploy.0 = Debug|Any CPU
		{E895352A-39AD-4447-B2F2-D74DC969C0EA}.AppStore|Any CPU.ActiveCfg = Debug|Any CPU
		{E895352A-39AD-4447-B2F2-D74DC969C0EA}.AppStore|Any CPU.Build.0 = Debug|Any CPU
		{E895352A-39AD-4447-B2F2-D74DC969C0EA}.AppStore|Any CPU.Deploy.0 = Debug|Any CPU
		{E895352A-39AD-4447-B2F2-D74DC969C0EA}.AppStore|ARM.ActiveCfg = Debug|Any CPU
		{E895352A-39AD-4447-B2F2-D74DC969C0EA}.AppStore|ARM.Build.0 = Debug|Any CPU
		{E895352A-39AD-4447-B2F2-D74DC969C0EA}.AppStore|ARM.Deploy.0 = Debug|Any CPU
		{E895352A-39AD-4447-B2F2-D74DC969C0EA}.AppStore|ARM64.ActiveCfg = Debug|Any CPU
		{E895352A-39AD-4447-B2F2-D74DC969C0EA}.AppStore|ARM64.Build.0 = Debug|Any CPU
		{E895352A-39AD-4447-B2F2-D74DC969C0EA}.AppStore|ARM64.Deploy.0 = Debug|Any CPU
		{E895352A-39AD-4447-B2F2-D74DC969C0EA}.AppStore|iPhone.ActiveCfg = Debug|Any CPU
		{E895352A-39AD-4447-B2F2-D74DC969C0EA}.AppStore|iPhone.Build.0 = Debug|Any CPU
		{E895352A-39AD-4447-B2F2-D74DC969C0EA}.AppStore|iPhone.Deploy.0 = Debug|Any CPU
		{E895352A-39AD-4447-B2F2-D74DC969C0EA}.AppStore|iPhoneSimulator.ActiveCfg = Debug|Any CPU
		{E895352A-39AD-4447-B2F2-D74DC969C0EA}.AppStore|iPhoneSimulator.Build.0 = Debug|Any CPU
		{E895352A-39AD-4447-B2F2-D74DC969C0EA}.AppStore|iPhoneSimulator.Deploy.0 = Debug|Any CPU
		{E895352A-39AD-4447-B2F2-D74DC969C0EA}.AppStore|x64.ActiveCfg = Debug|Any CPU
		{E895352A-39AD-4447-B2F2-D74DC969C0EA}.AppStore|x64.Build.0 = Debug|Any CPU
		{E895352A-39AD-4447-B2F2-D74DC969C0EA}.AppStore|x64.Deploy.0 = Debug|Any CPU
		{E895352A-39AD-4447-B2F2-D74DC969C0EA}.AppStore|x86.ActiveCfg = Debug|Any CPU
		{E895352A-39AD-4447-B2F2-D74DC969C0EA}.AppStore|x86.Build.0 = Debug|Any CPU
		{E895352A-39AD-4447-B2F2-D74DC969C0EA}.AppStore|x86.Deploy.0 = Debug|Any CPU
		{E895352A-39AD-4447-B2F2-D74DC969C0EA}.Debug|Any CPU.ActiveCfg = Debug|Any CPU
		{E895352A-39AD-4447-B2F2-D74DC969C0EA}.Debug|Any CPU.Build.0 = Debug|Any CPU
		{E895352A-39AD-4447-B2F2-D74DC969C0EA}.Debug|Any CPU.Deploy.0 = Debug|Any CPU
		{E895352A-39AD-4447-B2F2-D74DC969C0EA}.Debug|ARM.ActiveCfg = Debug|Any CPU
		{E895352A-39AD-4447-B2F2-D74DC969C0EA}.Debug|ARM.Build.0 = Debug|Any CPU
		{E895352A-39AD-4447-B2F2-D74DC969C0EA}.Debug|ARM.Deploy.0 = Debug|Any CPU
		{E895352A-39AD-4447-B2F2-D74DC969C0EA}.Debug|ARM64.ActiveCfg = Debug|Any CPU
		{E895352A-39AD-4447-B2F2-D74DC969C0EA}.Debug|ARM64.Build.0 = Debug|Any CPU
		{E895352A-39AD-4447-B2F2-D74DC969C0EA}.Debug|ARM64.Deploy.0 = Debug|Any CPU
		{E895352A-39AD-4447-B2F2-D74DC969C0EA}.Debug|iPhone.ActiveCfg = Debug|Any CPU
		{E895352A-39AD-4447-B2F2-D74DC969C0EA}.Debug|iPhone.Build.0 = Debug|Any CPU
		{E895352A-39AD-4447-B2F2-D74DC969C0EA}.Debug|iPhone.Deploy.0 = Debug|Any CPU
		{E895352A-39AD-4447-B2F2-D74DC969C0EA}.Debug|iPhoneSimulator.ActiveCfg = Debug|Any CPU
		{E895352A-39AD-4447-B2F2-D74DC969C0EA}.Debug|iPhoneSimulator.Build.0 = Debug|Any CPU
		{E895352A-39AD-4447-B2F2-D74DC969C0EA}.Debug|iPhoneSimulator.Deploy.0 = Debug|Any CPU
		{E895352A-39AD-4447-B2F2-D74DC969C0EA}.Debug|x64.ActiveCfg = Debug|Any CPU
		{E895352A-39AD-4447-B2F2-D74DC969C0EA}.Debug|x64.Build.0 = Debug|Any CPU
		{E895352A-39AD-4447-B2F2-D74DC969C0EA}.Debug|x64.Deploy.0 = Debug|Any CPU
		{E895352A-39AD-4447-B2F2-D74DC969C0EA}.Debug|x86.ActiveCfg = Debug|Any CPU
		{E895352A-39AD-4447-B2F2-D74DC969C0EA}.Debug|x86.Build.0 = Debug|Any CPU
		{E895352A-39AD-4447-B2F2-D74DC969C0EA}.Debug|x86.Deploy.0 = Debug|Any CPU
		{E895352A-39AD-4447-B2F2-D74DC969C0EA}.Release|Any CPU.ActiveCfg = Release|Any CPU
		{E895352A-39AD-4447-B2F2-D74DC969C0EA}.Release|Any CPU.Build.0 = Release|Any CPU
		{E895352A-39AD-4447-B2F2-D74DC969C0EA}.Release|Any CPU.Deploy.0 = Release|Any CPU
		{E895352A-39AD-4447-B2F2-D74DC969C0EA}.Release|ARM.ActiveCfg = Release|Any CPU
		{E895352A-39AD-4447-B2F2-D74DC969C0EA}.Release|ARM.Build.0 = Release|Any CPU
		{E895352A-39AD-4447-B2F2-D74DC969C0EA}.Release|ARM.Deploy.0 = Release|Any CPU
		{E895352A-39AD-4447-B2F2-D74DC969C0EA}.Release|ARM64.ActiveCfg = Release|Any CPU
		{E895352A-39AD-4447-B2F2-D74DC969C0EA}.Release|ARM64.Build.0 = Release|Any CPU
		{E895352A-39AD-4447-B2F2-D74DC969C0EA}.Release|ARM64.Deploy.0 = Release|Any CPU
		{E895352A-39AD-4447-B2F2-D74DC969C0EA}.Release|iPhone.ActiveCfg = Release|Any CPU
		{E895352A-39AD-4447-B2F2-D74DC969C0EA}.Release|iPhone.Build.0 = Release|Any CPU
		{E895352A-39AD-4447-B2F2-D74DC969C0EA}.Release|iPhone.Deploy.0 = Release|Any CPU
		{E895352A-39AD-4447-B2F2-D74DC969C0EA}.Release|iPhoneSimulator.ActiveCfg = Release|Any CPU
		{E895352A-39AD-4447-B2F2-D74DC969C0EA}.Release|iPhoneSimulator.Build.0 = Release|Any CPU
		{E895352A-39AD-4447-B2F2-D74DC969C0EA}.Release|iPhoneSimulator.Deploy.0 = Release|Any CPU
		{E895352A-39AD-4447-B2F2-D74DC969C0EA}.Release|x64.ActiveCfg = Release|Any CPU
		{E895352A-39AD-4447-B2F2-D74DC969C0EA}.Release|x64.Build.0 = Release|Any CPU
		{E895352A-39AD-4447-B2F2-D74DC969C0EA}.Release|x64.Deploy.0 = Release|Any CPU
		{E895352A-39AD-4447-B2F2-D74DC969C0EA}.Release|x86.ActiveCfg = Release|Any CPU
		{E895352A-39AD-4447-B2F2-D74DC969C0EA}.Release|x86.Build.0 = Release|Any CPU
		{E895352A-39AD-4447-B2F2-D74DC969C0EA}.Release|x86.Deploy.0 = Release|Any CPU
		{13E806C6-3833-4012-BE89-99848B133BF2}.Ad-Hoc|Any CPU.ActiveCfg = Ad-Hoc|iPhoneSimulator
		{13E806C6-3833-4012-BE89-99848B133BF2}.Ad-Hoc|ARM.ActiveCfg = Ad-Hoc|iPhoneSimulator
		{13E806C6-3833-4012-BE89-99848B133BF2}.Ad-Hoc|ARM64.ActiveCfg = Ad-Hoc|iPhoneSimulator
		{13E806C6-3833-4012-BE89-99848B133BF2}.Ad-Hoc|iPhone.ActiveCfg = Ad-Hoc|iPhone
		{13E806C6-3833-4012-BE89-99848B133BF2}.Ad-Hoc|iPhone.Build.0 = Ad-Hoc|iPhone
		{13E806C6-3833-4012-BE89-99848B133BF2}.Ad-Hoc|iPhoneSimulator.ActiveCfg = Ad-Hoc|iPhoneSimulator
		{13E806C6-3833-4012-BE89-99848B133BF2}.Ad-Hoc|iPhoneSimulator.Build.0 = Ad-Hoc|iPhoneSimulator
		{13E806C6-3833-4012-BE89-99848B133BF2}.Ad-Hoc|x64.ActiveCfg = Ad-Hoc|iPhoneSimulator
		{13E806C6-3833-4012-BE89-99848B133BF2}.Ad-Hoc|x86.ActiveCfg = Ad-Hoc|iPhoneSimulator
		{13E806C6-3833-4012-BE89-99848B133BF2}.AppStore|Any CPU.ActiveCfg = AppStore|iPhoneSimulator
		{13E806C6-3833-4012-BE89-99848B133BF2}.AppStore|ARM.ActiveCfg = AppStore|iPhoneSimulator
		{13E806C6-3833-4012-BE89-99848B133BF2}.AppStore|ARM64.ActiveCfg = AppStore|iPhoneSimulator
		{13E806C6-3833-4012-BE89-99848B133BF2}.AppStore|iPhone.ActiveCfg = AppStore|iPhone
		{13E806C6-3833-4012-BE89-99848B133BF2}.AppStore|iPhone.Build.0 = AppStore|iPhone
		{13E806C6-3833-4012-BE89-99848B133BF2}.AppStore|iPhoneSimulator.ActiveCfg = AppStore|iPhoneSimulator
		{13E806C6-3833-4012-BE89-99848B133BF2}.AppStore|iPhoneSimulator.Build.0 = AppStore|iPhoneSimulator
		{13E806C6-3833-4012-BE89-99848B133BF2}.AppStore|x64.ActiveCfg = AppStore|iPhoneSimulator
		{13E806C6-3833-4012-BE89-99848B133BF2}.AppStore|x86.ActiveCfg = AppStore|iPhoneSimulator
		{13E806C6-3833-4012-BE89-99848B133BF2}.Debug|Any CPU.ActiveCfg = Debug|iPhoneSimulator
		{13E806C6-3833-4012-BE89-99848B133BF2}.Debug|ARM.ActiveCfg = Debug|iPhoneSimulator
		{13E806C6-3833-4012-BE89-99848B133BF2}.Debug|ARM64.ActiveCfg = Debug|iPhoneSimulator
		{13E806C6-3833-4012-BE89-99848B133BF2}.Debug|iPhone.ActiveCfg = Debug|iPhone
		{13E806C6-3833-4012-BE89-99848B133BF2}.Debug|iPhone.Build.0 = Debug|iPhone
		{13E806C6-3833-4012-BE89-99848B133BF2}.Debug|iPhoneSimulator.ActiveCfg = Debug|iPhoneSimulator
		{13E806C6-3833-4012-BE89-99848B133BF2}.Debug|iPhoneSimulator.Build.0 = Debug|iPhoneSimulator
		{13E806C6-3833-4012-BE89-99848B133BF2}.Debug|x64.ActiveCfg = Debug|iPhoneSimulator
		{13E806C6-3833-4012-BE89-99848B133BF2}.Debug|x86.ActiveCfg = Debug|iPhoneSimulator
		{13E806C6-3833-4012-BE89-99848B133BF2}.Release|Any CPU.ActiveCfg = Release|iPhoneSimulator
		{13E806C6-3833-4012-BE89-99848B133BF2}.Release|ARM.ActiveCfg = Release|iPhoneSimulator
		{13E806C6-3833-4012-BE89-99848B133BF2}.Release|ARM64.ActiveCfg = Release|iPhoneSimulator
		{13E806C6-3833-4012-BE89-99848B133BF2}.Release|iPhone.ActiveCfg = Release|iPhone
		{13E806C6-3833-4012-BE89-99848B133BF2}.Release|iPhone.Build.0 = Release|iPhone
		{13E806C6-3833-4012-BE89-99848B133BF2}.Release|iPhoneSimulator.ActiveCfg = Release|iPhoneSimulator
		{13E806C6-3833-4012-BE89-99848B133BF2}.Release|iPhoneSimulator.Build.0 = Release|iPhoneSimulator
		{13E806C6-3833-4012-BE89-99848B133BF2}.Release|x64.ActiveCfg = Release|iPhoneSimulator
		{13E806C6-3833-4012-BE89-99848B133BF2}.Release|x86.ActiveCfg = Release|iPhoneSimulator
		{0C6812CB-3F0C-4B34-B839-FE0F1890FD15}.Ad-Hoc|Any CPU.ActiveCfg = Debug|x86
		{0C6812CB-3F0C-4B34-B839-FE0F1890FD15}.Ad-Hoc|Any CPU.Build.0 = Debug|x86
		{0C6812CB-3F0C-4B34-B839-FE0F1890FD15}.Ad-Hoc|Any CPU.Deploy.0 = Debug|x86
		{0C6812CB-3F0C-4B34-B839-FE0F1890FD15}.Ad-Hoc|ARM.ActiveCfg = Debug|ARM
		{0C6812CB-3F0C-4B34-B839-FE0F1890FD15}.Ad-Hoc|ARM.Build.0 = Debug|ARM
		{0C6812CB-3F0C-4B34-B839-FE0F1890FD15}.Ad-Hoc|ARM.Deploy.0 = Debug|ARM
		{0C6812CB-3F0C-4B34-B839-FE0F1890FD15}.Ad-Hoc|ARM64.ActiveCfg = Debug|ARM64
		{0C6812CB-3F0C-4B34-B839-FE0F1890FD15}.Ad-Hoc|ARM64.Build.0 = Debug|ARM64
		{0C6812CB-3F0C-4B34-B839-FE0F1890FD15}.Ad-Hoc|ARM64.Deploy.0 = Debug|ARM64
		{0C6812CB-3F0C-4B34-B839-FE0F1890FD15}.Ad-Hoc|iPhone.ActiveCfg = Debug|x86
		{0C6812CB-3F0C-4B34-B839-FE0F1890FD15}.Ad-Hoc|iPhone.Build.0 = Debug|x86
		{0C6812CB-3F0C-4B34-B839-FE0F1890FD15}.Ad-Hoc|iPhone.Deploy.0 = Debug|x86
		{0C6812CB-3F0C-4B34-B839-FE0F1890FD15}.Ad-Hoc|iPhoneSimulator.ActiveCfg = Debug|x86
		{0C6812CB-3F0C-4B34-B839-FE0F1890FD15}.Ad-Hoc|iPhoneSimulator.Build.0 = Debug|x86
		{0C6812CB-3F0C-4B34-B839-FE0F1890FD15}.Ad-Hoc|iPhoneSimulator.Deploy.0 = Debug|x86
		{0C6812CB-3F0C-4B34-B839-FE0F1890FD15}.Ad-Hoc|x64.ActiveCfg = Debug|x64
		{0C6812CB-3F0C-4B34-B839-FE0F1890FD15}.Ad-Hoc|x64.Build.0 = Debug|x64
		{0C6812CB-3F0C-4B34-B839-FE0F1890FD15}.Ad-Hoc|x64.Deploy.0 = Debug|x64
		{0C6812CB-3F0C-4B34-B839-FE0F1890FD15}.Ad-Hoc|x86.ActiveCfg = Debug|x86
		{0C6812CB-3F0C-4B34-B839-FE0F1890FD15}.Ad-Hoc|x86.Build.0 = Debug|x86
		{0C6812CB-3F0C-4B34-B839-FE0F1890FD15}.Ad-Hoc|x86.Deploy.0 = Debug|x86
		{0C6812CB-3F0C-4B34-B839-FE0F1890FD15}.AppStore|Any CPU.ActiveCfg = Debug|x86
		{0C6812CB-3F0C-4B34-B839-FE0F1890FD15}.AppStore|Any CPU.Build.0 = Debug|x86
		{0C6812CB-3F0C-4B34-B839-FE0F1890FD15}.AppStore|Any CPU.Deploy.0 = Debug|x86
		{0C6812CB-3F0C-4B34-B839-FE0F1890FD15}.AppStore|ARM.ActiveCfg = Debug|ARM
		{0C6812CB-3F0C-4B34-B839-FE0F1890FD15}.AppStore|ARM.Build.0 = Debug|ARM
		{0C6812CB-3F0C-4B34-B839-FE0F1890FD15}.AppStore|ARM.Deploy.0 = Debug|ARM
		{0C6812CB-3F0C-4B34-B839-FE0F1890FD15}.AppStore|ARM64.ActiveCfg = Debug|ARM64
		{0C6812CB-3F0C-4B34-B839-FE0F1890FD15}.AppStore|ARM64.Build.0 = Debug|ARM64
		{0C6812CB-3F0C-4B34-B839-FE0F1890FD15}.AppStore|ARM64.Deploy.0 = Debug|ARM64
		{0C6812CB-3F0C-4B34-B839-FE0F1890FD15}.AppStore|iPhone.ActiveCfg = Debug|x86
		{0C6812CB-3F0C-4B34-B839-FE0F1890FD15}.AppStore|iPhone.Build.0 = Debug|x86
		{0C6812CB-3F0C-4B34-B839-FE0F1890FD15}.AppStore|iPhone.Deploy.0 = Debug|x86
		{0C6812CB-3F0C-4B34-B839-FE0F1890FD15}.AppStore|iPhoneSimulator.ActiveCfg = Debug|x86
		{0C6812CB-3F0C-4B34-B839-FE0F1890FD15}.AppStore|iPhoneSimulator.Build.0 = Debug|x86
		{0C6812CB-3F0C-4B34-B839-FE0F1890FD15}.AppStore|iPhoneSimulator.Deploy.0 = Debug|x86
		{0C6812CB-3F0C-4B34-B839-FE0F1890FD15}.AppStore|x64.ActiveCfg = Debug|x64
		{0C6812CB-3F0C-4B34-B839-FE0F1890FD15}.AppStore|x64.Build.0 = Debug|x64
		{0C6812CB-3F0C-4B34-B839-FE0F1890FD15}.AppStore|x64.Deploy.0 = Debug|x64
		{0C6812CB-3F0C-4B34-B839-FE0F1890FD15}.AppStore|x86.ActiveCfg = Debug|x86
		{0C6812CB-3F0C-4B34-B839-FE0F1890FD15}.AppStore|x86.Build.0 = Debug|x86
		{0C6812CB-3F0C-4B34-B839-FE0F1890FD15}.AppStore|x86.Deploy.0 = Debug|x86
		{0C6812CB-3F0C-4B34-B839-FE0F1890FD15}.Debug|Any CPU.ActiveCfg = Debug|x86
		{0C6812CB-3F0C-4B34-B839-FE0F1890FD15}.Debug|Any CPU.Build.0 = Debug|x86
		{0C6812CB-3F0C-4B34-B839-FE0F1890FD15}.Debug|Any CPU.Deploy.0 = Debug|x86
		{0C6812CB-3F0C-4B34-B839-FE0F1890FD15}.Debug|ARM.ActiveCfg = Debug|ARM
		{0C6812CB-3F0C-4B34-B839-FE0F1890FD15}.Debug|ARM.Build.0 = Debug|ARM
		{0C6812CB-3F0C-4B34-B839-FE0F1890FD15}.Debug|ARM.Deploy.0 = Debug|ARM
		{0C6812CB-3F0C-4B34-B839-FE0F1890FD15}.Debug|ARM64.ActiveCfg = Debug|ARM64
		{0C6812CB-3F0C-4B34-B839-FE0F1890FD15}.Debug|ARM64.Build.0 = Debug|ARM64
		{0C6812CB-3F0C-4B34-B839-FE0F1890FD15}.Debug|ARM64.Deploy.0 = Debug|ARM64
		{0C6812CB-3F0C-4B34-B839-FE0F1890FD15}.Debug|iPhone.ActiveCfg = Debug|x86
		{0C6812CB-3F0C-4B34-B839-FE0F1890FD15}.Debug|iPhoneSimulator.ActiveCfg = Debug|x86
		{0C6812CB-3F0C-4B34-B839-FE0F1890FD15}.Debug|x64.ActiveCfg = Debug|x64
		{0C6812CB-3F0C-4B34-B839-FE0F1890FD15}.Debug|x64.Build.0 = Debug|x64
		{0C6812CB-3F0C-4B34-B839-FE0F1890FD15}.Debug|x64.Deploy.0 = Debug|x64
		{0C6812CB-3F0C-4B34-B839-FE0F1890FD15}.Debug|x86.ActiveCfg = Debug|x86
		{0C6812CB-3F0C-4B34-B839-FE0F1890FD15}.Debug|x86.Build.0 = Debug|x86
		{0C6812CB-3F0C-4B34-B839-FE0F1890FD15}.Debug|x86.Deploy.0 = Debug|x86
		{0C6812CB-3F0C-4B34-B839-FE0F1890FD15}.Release|Any CPU.ActiveCfg = Release|x86
		{0C6812CB-3F0C-4B34-B839-FE0F1890FD15}.Release|ARM.ActiveCfg = Release|ARM
		{0C6812CB-3F0C-4B34-B839-FE0F1890FD15}.Release|ARM.Build.0 = Release|ARM
		{0C6812CB-3F0C-4B34-B839-FE0F1890FD15}.Release|ARM.Deploy.0 = Release|ARM
		{0C6812CB-3F0C-4B34-B839-FE0F1890FD15}.Release|ARM64.ActiveCfg = Release|ARM64
		{0C6812CB-3F0C-4B34-B839-FE0F1890FD15}.Release|ARM64.Build.0 = Release|ARM64
		{0C6812CB-3F0C-4B34-B839-FE0F1890FD15}.Release|ARM64.Deploy.0 = Release|ARM64
		{0C6812CB-3F0C-4B34-B839-FE0F1890FD15}.Release|iPhone.ActiveCfg = Release|x86
		{0C6812CB-3F0C-4B34-B839-FE0F1890FD15}.Release|iPhoneSimulator.ActiveCfg = Release|x86
		{0C6812CB-3F0C-4B34-B839-FE0F1890FD15}.Release|x64.ActiveCfg = Release|x64
		{0C6812CB-3F0C-4B34-B839-FE0F1890FD15}.Release|x64.Build.0 = Release|x64
		{0C6812CB-3F0C-4B34-B839-FE0F1890FD15}.Release|x64.Deploy.0 = Release|x64
		{0C6812CB-3F0C-4B34-B839-FE0F1890FD15}.Release|x86.ActiveCfg = Release|x86
		{0C6812CB-3F0C-4B34-B839-FE0F1890FD15}.Release|x86.Build.0 = Release|x86
		{0C6812CB-3F0C-4B34-B839-FE0F1890FD15}.Release|x86.Deploy.0 = Release|x86
		{C5612935-7C3E-4218-96BB-C4D24E18217D}.Ad-Hoc|Any CPU.ActiveCfg = Debug|Any CPU
		{C5612935-7C3E-4218-96BB-C4D24E18217D}.Ad-Hoc|Any CPU.Build.0 = Debug|Any CPU
		{C5612935-7C3E-4218-96BB-C4D24E18217D}.Ad-Hoc|ARM.ActiveCfg = Debug|Any CPU
		{C5612935-7C3E-4218-96BB-C4D24E18217D}.Ad-Hoc|ARM.Build.0 = Debug|Any CPU
		{C5612935-7C3E-4218-96BB-C4D24E18217D}.Ad-Hoc|ARM64.ActiveCfg = Debug|Any CPU
		{C5612935-7C3E-4218-96BB-C4D24E18217D}.Ad-Hoc|ARM64.Build.0 = Debug|Any CPU
		{C5612935-7C3E-4218-96BB-C4D24E18217D}.Ad-Hoc|iPhone.ActiveCfg = Debug|Any CPU
		{C5612935-7C3E-4218-96BB-C4D24E18217D}.Ad-Hoc|iPhone.Build.0 = Debug|Any CPU
		{C5612935-7C3E-4218-96BB-C4D24E18217D}.Ad-Hoc|iPhoneSimulator.ActiveCfg = Debug|Any CPU
		{C5612935-7C3E-4218-96BB-C4D24E18217D}.Ad-Hoc|iPhoneSimulator.Build.0 = Debug|Any CPU
		{C5612935-7C3E-4218-96BB-C4D24E18217D}.Ad-Hoc|x64.ActiveCfg = Debug|Any CPU
		{C5612935-7C3E-4218-96BB-C4D24E18217D}.Ad-Hoc|x64.Build.0 = Debug|Any CPU
		{C5612935-7C3E-4218-96BB-C4D24E18217D}.Ad-Hoc|x86.ActiveCfg = Debug|Any CPU
		{C5612935-7C3E-4218-96BB-C4D24E18217D}.Ad-Hoc|x86.Build.0 = Debug|Any CPU
		{C5612935-7C3E-4218-96BB-C4D24E18217D}.AppStore|Any CPU.ActiveCfg = Debug|Any CPU
		{C5612935-7C3E-4218-96BB-C4D24E18217D}.AppStore|Any CPU.Build.0 = Debug|Any CPU
		{C5612935-7C3E-4218-96BB-C4D24E18217D}.AppStore|ARM.ActiveCfg = Debug|Any CPU
		{C5612935-7C3E-4218-96BB-C4D24E18217D}.AppStore|ARM.Build.0 = Debug|Any CPU
		{C5612935-7C3E-4218-96BB-C4D24E18217D}.AppStore|ARM64.ActiveCfg = Debug|Any CPU
		{C5612935-7C3E-4218-96BB-C4D24E18217D}.AppStore|ARM64.Build.0 = Debug|Any CPU
		{C5612935-7C3E-4218-96BB-C4D24E18217D}.AppStore|iPhone.ActiveCfg = Debug|Any CPU
		{C5612935-7C3E-4218-96BB-C4D24E18217D}.AppStore|iPhone.Build.0 = Debug|Any CPU
		{C5612935-7C3E-4218-96BB-C4D24E18217D}.AppStore|iPhoneSimulator.ActiveCfg = Debug|Any CPU
		{C5612935-7C3E-4218-96BB-C4D24E18217D}.AppStore|iPhoneSimulator.Build.0 = Debug|Any CPU
		{C5612935-7C3E-4218-96BB-C4D24E18217D}.AppStore|x64.ActiveCfg = Debug|Any CPU
		{C5612935-7C3E-4218-96BB-C4D24E18217D}.AppStore|x64.Build.0 = Debug|Any CPU
		{C5612935-7C3E-4218-96BB-C4D24E18217D}.AppStore|x86.ActiveCfg = Debug|Any CPU
		{C5612935-7C3E-4218-96BB-C4D24E18217D}.AppStore|x86.Build.0 = Debug|Any CPU
		{C5612935-7C3E-4218-96BB-C4D24E18217D}.Debug|Any CPU.ActiveCfg = Debug|Any CPU
		{C5612935-7C3E-4218-96BB-C4D24E18217D}.Debug|Any CPU.Build.0 = Debug|Any CPU
		{C5612935-7C3E-4218-96BB-C4D24E18217D}.Debug|ARM.ActiveCfg = Debug|Any CPU
		{C5612935-7C3E-4218-96BB-C4D24E18217D}.Debug|ARM.Build.0 = Debug|Any CPU
		{C5612935-7C3E-4218-96BB-C4D24E18217D}.Debug|ARM64.ActiveCfg = Debug|Any CPU
		{C5612935-7C3E-4218-96BB-C4D24E18217D}.Debug|ARM64.Build.0 = Debug|Any CPU
		{C5612935-7C3E-4218-96BB-C4D24E18217D}.Debug|iPhone.ActiveCfg = Debug|Any CPU
		{C5612935-7C3E-4218-96BB-C4D24E18217D}.Debug|iPhone.Build.0 = Debug|Any CPU
		{C5612935-7C3E-4218-96BB-C4D24E18217D}.Debug|iPhoneSimulator.ActiveCfg = Debug|Any CPU
		{C5612935-7C3E-4218-96BB-C4D24E18217D}.Debug|iPhoneSimulator.Build.0 = Debug|Any CPU
		{C5612935-7C3E-4218-96BB-C4D24E18217D}.Debug|x64.ActiveCfg = Debug|Any CPU
		{C5612935-7C3E-4218-96BB-C4D24E18217D}.Debug|x64.Build.0 = Debug|Any CPU
		{C5612935-7C3E-4218-96BB-C4D24E18217D}.Debug|x86.ActiveCfg = Debug|Any CPU
		{C5612935-7C3E-4218-96BB-C4D24E18217D}.Debug|x86.Build.0 = Debug|Any CPU
		{C5612935-7C3E-4218-96BB-C4D24E18217D}.Release|Any CPU.ActiveCfg = Release|Any CPU
		{C5612935-7C3E-4218-96BB-C4D24E18217D}.Release|Any CPU.Build.0 = Release|Any CPU
		{C5612935-7C3E-4218-96BB-C4D24E18217D}.Release|ARM.ActiveCfg = Release|Any CPU
		{C5612935-7C3E-4218-96BB-C4D24E18217D}.Release|ARM.Build.0 = Release|Any CPU
		{C5612935-7C3E-4218-96BB-C4D24E18217D}.Release|ARM64.ActiveCfg = Release|Any CPU
		{C5612935-7C3E-4218-96BB-C4D24E18217D}.Release|ARM64.Build.0 = Release|Any CPU
		{C5612935-7C3E-4218-96BB-C4D24E18217D}.Release|iPhone.ActiveCfg = Release|Any CPU
		{C5612935-7C3E-4218-96BB-C4D24E18217D}.Release|iPhone.Build.0 = Release|Any CPU
		{C5612935-7C3E-4218-96BB-C4D24E18217D}.Release|iPhoneSimulator.ActiveCfg = Release|Any CPU
		{C5612935-7C3E-4218-96BB-C4D24E18217D}.Release|iPhoneSimulator.Build.0 = Release|Any CPU
		{C5612935-7C3E-4218-96BB-C4D24E18217D}.Release|x64.ActiveCfg = Release|Any CPU
		{C5612935-7C3E-4218-96BB-C4D24E18217D}.Release|x64.Build.0 = Release|Any CPU
		{C5612935-7C3E-4218-96BB-C4D24E18217D}.Release|x86.ActiveCfg = Release|Any CPU
		{C5612935-7C3E-4218-96BB-C4D24E18217D}.Release|x86.Build.0 = Release|Any CPU
		{E9273CF3-4E18-4906-8D0E-330C29C7D113}.Ad-Hoc|Any CPU.ActiveCfg = Debug|iPhoneSimulator
		{E9273CF3-4E18-4906-8D0E-330C29C7D113}.Ad-Hoc|Any CPU.Build.0 = Debug|iPhoneSimulator
		{E9273CF3-4E18-4906-8D0E-330C29C7D113}.Ad-Hoc|ARM.ActiveCfg = Debug|iPhoneSimulator
		{E9273CF3-4E18-4906-8D0E-330C29C7D113}.Ad-Hoc|ARM.Build.0 = Debug|iPhoneSimulator
		{E9273CF3-4E18-4906-8D0E-330C29C7D113}.Ad-Hoc|ARM64.ActiveCfg = Debug|iPhoneSimulator
		{E9273CF3-4E18-4906-8D0E-330C29C7D113}.Ad-Hoc|ARM64.Build.0 = Debug|iPhoneSimulator
		{E9273CF3-4E18-4906-8D0E-330C29C7D113}.Ad-Hoc|iPhone.ActiveCfg = Debug|iPhoneSimulator
		{E9273CF3-4E18-4906-8D0E-330C29C7D113}.Ad-Hoc|iPhone.Build.0 = Debug|iPhoneSimulator
		{E9273CF3-4E18-4906-8D0E-330C29C7D113}.Ad-Hoc|iPhoneSimulator.ActiveCfg = Debug|iPhoneSimulator
		{E9273CF3-4E18-4906-8D0E-330C29C7D113}.Ad-Hoc|iPhoneSimulator.Build.0 = Debug|iPhoneSimulator
		{E9273CF3-4E18-4906-8D0E-330C29C7D113}.Ad-Hoc|x64.ActiveCfg = Debug|iPhoneSimulator
		{E9273CF3-4E18-4906-8D0E-330C29C7D113}.Ad-Hoc|x64.Build.0 = Debug|iPhoneSimulator
		{E9273CF3-4E18-4906-8D0E-330C29C7D113}.Ad-Hoc|x86.ActiveCfg = Debug|iPhoneSimulator
		{E9273CF3-4E18-4906-8D0E-330C29C7D113}.Ad-Hoc|x86.Build.0 = Debug|iPhoneSimulator
		{E9273CF3-4E18-4906-8D0E-330C29C7D113}.AppStore|Any CPU.ActiveCfg = Debug|iPhoneSimulator
		{E9273CF3-4E18-4906-8D0E-330C29C7D113}.AppStore|Any CPU.Build.0 = Debug|iPhoneSimulator
		{E9273CF3-4E18-4906-8D0E-330C29C7D113}.AppStore|ARM.ActiveCfg = Debug|iPhoneSimulator
		{E9273CF3-4E18-4906-8D0E-330C29C7D113}.AppStore|ARM.Build.0 = Debug|iPhoneSimulator
		{E9273CF3-4E18-4906-8D0E-330C29C7D113}.AppStore|ARM64.ActiveCfg = Debug|iPhoneSimulator
		{E9273CF3-4E18-4906-8D0E-330C29C7D113}.AppStore|ARM64.Build.0 = Debug|iPhoneSimulator
		{E9273CF3-4E18-4906-8D0E-330C29C7D113}.AppStore|iPhone.ActiveCfg = Debug|iPhoneSimulator
		{E9273CF3-4E18-4906-8D0E-330C29C7D113}.AppStore|iPhone.Build.0 = Debug|iPhoneSimulator
		{E9273CF3-4E18-4906-8D0E-330C29C7D113}.AppStore|iPhoneSimulator.ActiveCfg = Debug|iPhoneSimulator
		{E9273CF3-4E18-4906-8D0E-330C29C7D113}.AppStore|iPhoneSimulator.Build.0 = Debug|iPhoneSimulator
		{E9273CF3-4E18-4906-8D0E-330C29C7D113}.AppStore|x64.ActiveCfg = Debug|iPhoneSimulator
		{E9273CF3-4E18-4906-8D0E-330C29C7D113}.AppStore|x64.Build.0 = Debug|iPhoneSimulator
		{E9273CF3-4E18-4906-8D0E-330C29C7D113}.AppStore|x86.ActiveCfg = Debug|iPhoneSimulator
		{E9273CF3-4E18-4906-8D0E-330C29C7D113}.AppStore|x86.Build.0 = Debug|iPhoneSimulator
		{E9273CF3-4E18-4906-8D0E-330C29C7D113}.Debug|Any CPU.ActiveCfg = Debug|iPhoneSimulator
		{E9273CF3-4E18-4906-8D0E-330C29C7D113}.Debug|ARM.ActiveCfg = Debug|iPhoneSimulator
		{E9273CF3-4E18-4906-8D0E-330C29C7D113}.Debug|ARM64.ActiveCfg = Debug|iPhoneSimulator
		{E9273CF3-4E18-4906-8D0E-330C29C7D113}.Debug|iPhone.ActiveCfg = Debug|iPhoneSimulator
		{E9273CF3-4E18-4906-8D0E-330C29C7D113}.Debug|iPhoneSimulator.ActiveCfg = Debug|iPhoneSimulator
		{E9273CF3-4E18-4906-8D0E-330C29C7D113}.Debug|iPhoneSimulator.Build.0 = Debug|iPhoneSimulator
		{E9273CF3-4E18-4906-8D0E-330C29C7D113}.Debug|x64.ActiveCfg = Debug|iPhoneSimulator
		{E9273CF3-4E18-4906-8D0E-330C29C7D113}.Debug|x86.ActiveCfg = Debug|iPhoneSimulator
		{E9273CF3-4E18-4906-8D0E-330C29C7D113}.Release|Any CPU.ActiveCfg = Release|iPhoneSimulator
		{E9273CF3-4E18-4906-8D0E-330C29C7D113}.Release|ARM.ActiveCfg = Release|iPhoneSimulator
		{E9273CF3-4E18-4906-8D0E-330C29C7D113}.Release|ARM64.ActiveCfg = Release|iPhoneSimulator
		{E9273CF3-4E18-4906-8D0E-330C29C7D113}.Release|iPhone.ActiveCfg = Release|iPhoneSimulator
		{E9273CF3-4E18-4906-8D0E-330C29C7D113}.Release|iPhoneSimulator.ActiveCfg = Release|iPhoneSimulator
		{E9273CF3-4E18-4906-8D0E-330C29C7D113}.Release|iPhoneSimulator.Build.0 = Release|iPhoneSimulator
		{E9273CF3-4E18-4906-8D0E-330C29C7D113}.Release|x64.ActiveCfg = Release|iPhoneSimulator
		{E9273CF3-4E18-4906-8D0E-330C29C7D113}.Release|x86.ActiveCfg = Release|iPhoneSimulator
		{65A38874-33F3-4899-828F-4E1DED0B2C84}.Ad-Hoc|Any CPU.ActiveCfg = Debug|Any CPU
		{65A38874-33F3-4899-828F-4E1DED0B2C84}.Ad-Hoc|Any CPU.Build.0 = Debug|Any CPU
		{65A38874-33F3-4899-828F-4E1DED0B2C84}.Ad-Hoc|ARM.ActiveCfg = Debug|Any CPU
		{65A38874-33F3-4899-828F-4E1DED0B2C84}.Ad-Hoc|ARM.Build.0 = Debug|Any CPU
		{65A38874-33F3-4899-828F-4E1DED0B2C84}.Ad-Hoc|ARM64.ActiveCfg = Debug|Any CPU
		{65A38874-33F3-4899-828F-4E1DED0B2C84}.Ad-Hoc|ARM64.Build.0 = Debug|Any CPU
		{65A38874-33F3-4899-828F-4E1DED0B2C84}.Ad-Hoc|iPhone.ActiveCfg = Debug|Any CPU
		{65A38874-33F3-4899-828F-4E1DED0B2C84}.Ad-Hoc|iPhone.Build.0 = Debug|Any CPU
		{65A38874-33F3-4899-828F-4E1DED0B2C84}.Ad-Hoc|iPhoneSimulator.ActiveCfg = Debug|Any CPU
		{65A38874-33F3-4899-828F-4E1DED0B2C84}.Ad-Hoc|iPhoneSimulator.Build.0 = Debug|Any CPU
		{65A38874-33F3-4899-828F-4E1DED0B2C84}.Ad-Hoc|x64.ActiveCfg = Debug|Any CPU
		{65A38874-33F3-4899-828F-4E1DED0B2C84}.Ad-Hoc|x64.Build.0 = Debug|Any CPU
		{65A38874-33F3-4899-828F-4E1DED0B2C84}.Ad-Hoc|x86.ActiveCfg = Debug|Any CPU
		{65A38874-33F3-4899-828F-4E1DED0B2C84}.Ad-Hoc|x86.Build.0 = Debug|Any CPU
		{65A38874-33F3-4899-828F-4E1DED0B2C84}.AppStore|Any CPU.ActiveCfg = Debug|Any CPU
		{65A38874-33F3-4899-828F-4E1DED0B2C84}.AppStore|Any CPU.Build.0 = Debug|Any CPU
		{65A38874-33F3-4899-828F-4E1DED0B2C84}.AppStore|ARM.ActiveCfg = Debug|Any CPU
		{65A38874-33F3-4899-828F-4E1DED0B2C84}.AppStore|ARM.Build.0 = Debug|Any CPU
		{65A38874-33F3-4899-828F-4E1DED0B2C84}.AppStore|ARM64.ActiveCfg = Debug|Any CPU
		{65A38874-33F3-4899-828F-4E1DED0B2C84}.AppStore|ARM64.Build.0 = Debug|Any CPU
		{65A38874-33F3-4899-828F-4E1DED0B2C84}.AppStore|iPhone.ActiveCfg = Debug|Any CPU
		{65A38874-33F3-4899-828F-4E1DED0B2C84}.AppStore|iPhone.Build.0 = Debug|Any CPU
		{65A38874-33F3-4899-828F-4E1DED0B2C84}.AppStore|iPhoneSimulator.ActiveCfg = Debug|Any CPU
		{65A38874-33F3-4899-828F-4E1DED0B2C84}.AppStore|iPhoneSimulator.Build.0 = Debug|Any CPU
		{65A38874-33F3-4899-828F-4E1DED0B2C84}.AppStore|x64.ActiveCfg = Debug|Any CPU
		{65A38874-33F3-4899-828F-4E1DED0B2C84}.AppStore|x64.Build.0 = Debug|Any CPU
		{65A38874-33F3-4899-828F-4E1DED0B2C84}.AppStore|x86.ActiveCfg = Debug|Any CPU
		{65A38874-33F3-4899-828F-4E1DED0B2C84}.AppStore|x86.Build.0 = Debug|Any CPU
		{65A38874-33F3-4899-828F-4E1DED0B2C84}.Debug|Any CPU.ActiveCfg = Debug|Any CPU
		{65A38874-33F3-4899-828F-4E1DED0B2C84}.Debug|Any CPU.Build.0 = Debug|Any CPU
		{65A38874-33F3-4899-828F-4E1DED0B2C84}.Debug|ARM.ActiveCfg = Debug|Any CPU
		{65A38874-33F3-4899-828F-4E1DED0B2C84}.Debug|ARM.Build.0 = Debug|Any CPU
		{65A38874-33F3-4899-828F-4E1DED0B2C84}.Debug|ARM64.ActiveCfg = Debug|Any CPU
		{65A38874-33F3-4899-828F-4E1DED0B2C84}.Debug|ARM64.Build.0 = Debug|Any CPU
		{65A38874-33F3-4899-828F-4E1DED0B2C84}.Debug|iPhone.ActiveCfg = Debug|Any CPU
		{65A38874-33F3-4899-828F-4E1DED0B2C84}.Debug|iPhone.Build.0 = Debug|Any CPU
		{65A38874-33F3-4899-828F-4E1DED0B2C84}.Debug|iPhoneSimulator.ActiveCfg = Debug|Any CPU
		{65A38874-33F3-4899-828F-4E1DED0B2C84}.Debug|iPhoneSimulator.Build.0 = Debug|Any CPU
		{65A38874-33F3-4899-828F-4E1DED0B2C84}.Debug|x64.ActiveCfg = Debug|Any CPU
		{65A38874-33F3-4899-828F-4E1DED0B2C84}.Debug|x64.Build.0 = Debug|Any CPU
		{65A38874-33F3-4899-828F-4E1DED0B2C84}.Debug|x86.ActiveCfg = Debug|Any CPU
		{65A38874-33F3-4899-828F-4E1DED0B2C84}.Debug|x86.Build.0 = Debug|Any CPU
		{65A38874-33F3-4899-828F-4E1DED0B2C84}.Release|Any CPU.ActiveCfg = Release|Any CPU
		{65A38874-33F3-4899-828F-4E1DED0B2C84}.Release|Any CPU.Build.0 = Release|Any CPU
		{65A38874-33F3-4899-828F-4E1DED0B2C84}.Release|ARM.ActiveCfg = Release|Any CPU
		{65A38874-33F3-4899-828F-4E1DED0B2C84}.Release|ARM.Build.0 = Release|Any CPU
		{65A38874-33F3-4899-828F-4E1DED0B2C84}.Release|ARM64.ActiveCfg = Release|Any CPU
		{65A38874-33F3-4899-828F-4E1DED0B2C84}.Release|ARM64.Build.0 = Release|Any CPU
		{65A38874-33F3-4899-828F-4E1DED0B2C84}.Release|iPhone.ActiveCfg = Release|Any CPU
		{65A38874-33F3-4899-828F-4E1DED0B2C84}.Release|iPhone.Build.0 = Release|Any CPU
		{65A38874-33F3-4899-828F-4E1DED0B2C84}.Release|iPhoneSimulator.ActiveCfg = Release|Any CPU
		{65A38874-33F3-4899-828F-4E1DED0B2C84}.Release|iPhoneSimulator.Build.0 = Release|Any CPU
		{65A38874-33F3-4899-828F-4E1DED0B2C84}.Release|x64.ActiveCfg = Release|Any CPU
		{65A38874-33F3-4899-828F-4E1DED0B2C84}.Release|x64.Build.0 = Release|Any CPU
		{65A38874-33F3-4899-828F-4E1DED0B2C84}.Release|x86.ActiveCfg = Release|Any CPU
		{65A38874-33F3-4899-828F-4E1DED0B2C84}.Release|x86.Build.0 = Release|Any CPU
		{25EE3EB3-C413-4216-943B-6034947146A4}.Ad-Hoc|Any CPU.ActiveCfg = Debug|Any CPU
		{25EE3EB3-C413-4216-943B-6034947146A4}.Ad-Hoc|Any CPU.Build.0 = Debug|Any CPU
		{25EE3EB3-C413-4216-943B-6034947146A4}.Ad-Hoc|ARM.ActiveCfg = Debug|Any CPU
		{25EE3EB3-C413-4216-943B-6034947146A4}.Ad-Hoc|ARM.Build.0 = Debug|Any CPU
		{25EE3EB3-C413-4216-943B-6034947146A4}.Ad-Hoc|ARM64.ActiveCfg = Debug|Any CPU
		{25EE3EB3-C413-4216-943B-6034947146A4}.Ad-Hoc|ARM64.Build.0 = Debug|Any CPU
		{25EE3EB3-C413-4216-943B-6034947146A4}.Ad-Hoc|iPhone.ActiveCfg = Debug|Any CPU
		{25EE3EB3-C413-4216-943B-6034947146A4}.Ad-Hoc|iPhone.Build.0 = Debug|Any CPU
		{25EE3EB3-C413-4216-943B-6034947146A4}.Ad-Hoc|iPhoneSimulator.ActiveCfg = Debug|Any CPU
		{25EE3EB3-C413-4216-943B-6034947146A4}.Ad-Hoc|iPhoneSimulator.Build.0 = Debug|Any CPU
		{25EE3EB3-C413-4216-943B-6034947146A4}.Ad-Hoc|x64.ActiveCfg = Debug|Any CPU
		{25EE3EB3-C413-4216-943B-6034947146A4}.Ad-Hoc|x64.Build.0 = Debug|Any CPU
		{25EE3EB3-C413-4216-943B-6034947146A4}.Ad-Hoc|x86.ActiveCfg = Debug|Any CPU
		{25EE3EB3-C413-4216-943B-6034947146A4}.Ad-Hoc|x86.Build.0 = Debug|Any CPU
		{25EE3EB3-C413-4216-943B-6034947146A4}.AppStore|Any CPU.ActiveCfg = Debug|Any CPU
		{25EE3EB3-C413-4216-943B-6034947146A4}.AppStore|Any CPU.Build.0 = Debug|Any CPU
		{25EE3EB3-C413-4216-943B-6034947146A4}.AppStore|ARM.ActiveCfg = Debug|Any CPU
		{25EE3EB3-C413-4216-943B-6034947146A4}.AppStore|ARM.Build.0 = Debug|Any CPU
		{25EE3EB3-C413-4216-943B-6034947146A4}.AppStore|ARM64.ActiveCfg = Debug|Any CPU
		{25EE3EB3-C413-4216-943B-6034947146A4}.AppStore|ARM64.Build.0 = Debug|Any CPU
		{25EE3EB3-C413-4216-943B-6034947146A4}.AppStore|iPhone.ActiveCfg = Debug|Any CPU
		{25EE3EB3-C413-4216-943B-6034947146A4}.AppStore|iPhone.Build.0 = Debug|Any CPU
		{25EE3EB3-C413-4216-943B-6034947146A4}.AppStore|iPhoneSimulator.ActiveCfg = Debug|Any CPU
		{25EE3EB3-C413-4216-943B-6034947146A4}.AppStore|iPhoneSimulator.Build.0 = Debug|Any CPU
		{25EE3EB3-C413-4216-943B-6034947146A4}.AppStore|x64.ActiveCfg = Debug|Any CPU
		{25EE3EB3-C413-4216-943B-6034947146A4}.AppStore|x64.Build.0 = Debug|Any CPU
		{25EE3EB3-C413-4216-943B-6034947146A4}.AppStore|x86.ActiveCfg = Debug|Any CPU
		{25EE3EB3-C413-4216-943B-6034947146A4}.AppStore|x86.Build.0 = Debug|Any CPU
		{25EE3EB3-C413-4216-943B-6034947146A4}.Debug|Any CPU.ActiveCfg = Debug|Any CPU
		{25EE3EB3-C413-4216-943B-6034947146A4}.Debug|Any CPU.Build.0 = Debug|Any CPU
		{25EE3EB3-C413-4216-943B-6034947146A4}.Debug|ARM.ActiveCfg = Debug|Any CPU
		{25EE3EB3-C413-4216-943B-6034947146A4}.Debug|ARM.Build.0 = Debug|Any CPU
		{25EE3EB3-C413-4216-943B-6034947146A4}.Debug|ARM64.ActiveCfg = Debug|Any CPU
		{25EE3EB3-C413-4216-943B-6034947146A4}.Debug|ARM64.Build.0 = Debug|Any CPU
		{25EE3EB3-C413-4216-943B-6034947146A4}.Debug|iPhone.ActiveCfg = Debug|Any CPU
		{25EE3EB3-C413-4216-943B-6034947146A4}.Debug|iPhone.Build.0 = Debug|Any CPU
		{25EE3EB3-C413-4216-943B-6034947146A4}.Debug|iPhoneSimulator.ActiveCfg = Debug|Any CPU
		{25EE3EB3-C413-4216-943B-6034947146A4}.Debug|iPhoneSimulator.Build.0 = Debug|Any CPU
		{25EE3EB3-C413-4216-943B-6034947146A4}.Debug|x64.ActiveCfg = Debug|Any CPU
		{25EE3EB3-C413-4216-943B-6034947146A4}.Debug|x64.Build.0 = Debug|Any CPU
		{25EE3EB3-C413-4216-943B-6034947146A4}.Debug|x86.ActiveCfg = Debug|Any CPU
		{25EE3EB3-C413-4216-943B-6034947146A4}.Debug|x86.Build.0 = Debug|Any CPU
		{25EE3EB3-C413-4216-943B-6034947146A4}.Release|Any CPU.ActiveCfg = Release|Any CPU
		{25EE3EB3-C413-4216-943B-6034947146A4}.Release|Any CPU.Build.0 = Release|Any CPU
		{25EE3EB3-C413-4216-943B-6034947146A4}.Release|ARM.ActiveCfg = Release|Any CPU
		{25EE3EB3-C413-4216-943B-6034947146A4}.Release|ARM.Build.0 = Release|Any CPU
		{25EE3EB3-C413-4216-943B-6034947146A4}.Release|ARM64.ActiveCfg = Release|Any CPU
		{25EE3EB3-C413-4216-943B-6034947146A4}.Release|ARM64.Build.0 = Release|Any CPU
		{25EE3EB3-C413-4216-943B-6034947146A4}.Release|iPhone.ActiveCfg = Release|Any CPU
		{25EE3EB3-C413-4216-943B-6034947146A4}.Release|iPhone.Build.0 = Release|Any CPU
		{25EE3EB3-C413-4216-943B-6034947146A4}.Release|iPhoneSimulator.ActiveCfg = Release|Any CPU
		{25EE3EB3-C413-4216-943B-6034947146A4}.Release|iPhoneSimulator.Build.0 = Release|Any CPU
		{25EE3EB3-C413-4216-943B-6034947146A4}.Release|x64.ActiveCfg = Release|Any CPU
		{25EE3EB3-C413-4216-943B-6034947146A4}.Release|x64.Build.0 = Release|Any CPU
		{25EE3EB3-C413-4216-943B-6034947146A4}.Release|x86.ActiveCfg = Release|Any CPU
		{25EE3EB3-C413-4216-943B-6034947146A4}.Release|x86.Build.0 = Release|Any CPU
		{18CF47A4-D1B9-4D2C-9715-6963DD8D457B}.Ad-Hoc|Any CPU.ActiveCfg = Debug|Any CPU
		{18CF47A4-D1B9-4D2C-9715-6963DD8D457B}.Ad-Hoc|Any CPU.Build.0 = Debug|Any CPU
		{18CF47A4-D1B9-4D2C-9715-6963DD8D457B}.Ad-Hoc|ARM.ActiveCfg = Debug|Any CPU
		{18CF47A4-D1B9-4D2C-9715-6963DD8D457B}.Ad-Hoc|ARM.Build.0 = Debug|Any CPU
		{18CF47A4-D1B9-4D2C-9715-6963DD8D457B}.Ad-Hoc|ARM64.ActiveCfg = Debug|Any CPU
		{18CF47A4-D1B9-4D2C-9715-6963DD8D457B}.Ad-Hoc|ARM64.Build.0 = Debug|Any CPU
		{18CF47A4-D1B9-4D2C-9715-6963DD8D457B}.Ad-Hoc|iPhone.ActiveCfg = Debug|Any CPU
		{18CF47A4-D1B9-4D2C-9715-6963DD8D457B}.Ad-Hoc|iPhone.Build.0 = Debug|Any CPU
		{18CF47A4-D1B9-4D2C-9715-6963DD8D457B}.Ad-Hoc|iPhoneSimulator.ActiveCfg = Debug|Any CPU
		{18CF47A4-D1B9-4D2C-9715-6963DD8D457B}.Ad-Hoc|iPhoneSimulator.Build.0 = Debug|Any CPU
		{18CF47A4-D1B9-4D2C-9715-6963DD8D457B}.Ad-Hoc|x64.ActiveCfg = Debug|Any CPU
		{18CF47A4-D1B9-4D2C-9715-6963DD8D457B}.Ad-Hoc|x64.Build.0 = Debug|Any CPU
		{18CF47A4-D1B9-4D2C-9715-6963DD8D457B}.Ad-Hoc|x86.ActiveCfg = Debug|Any CPU
		{18CF47A4-D1B9-4D2C-9715-6963DD8D457B}.Ad-Hoc|x86.Build.0 = Debug|Any CPU
		{18CF47A4-D1B9-4D2C-9715-6963DD8D457B}.AppStore|Any CPU.ActiveCfg = Debug|Any CPU
		{18CF47A4-D1B9-4D2C-9715-6963DD8D457B}.AppStore|Any CPU.Build.0 = Debug|Any CPU
		{18CF47A4-D1B9-4D2C-9715-6963DD8D457B}.AppStore|ARM.ActiveCfg = Debug|Any CPU
		{18CF47A4-D1B9-4D2C-9715-6963DD8D457B}.AppStore|ARM.Build.0 = Debug|Any CPU
		{18CF47A4-D1B9-4D2C-9715-6963DD8D457B}.AppStore|ARM64.ActiveCfg = Debug|Any CPU
		{18CF47A4-D1B9-4D2C-9715-6963DD8D457B}.AppStore|ARM64.Build.0 = Debug|Any CPU
		{18CF47A4-D1B9-4D2C-9715-6963DD8D457B}.AppStore|iPhone.ActiveCfg = Debug|Any CPU
		{18CF47A4-D1B9-4D2C-9715-6963DD8D457B}.AppStore|iPhone.Build.0 = Debug|Any CPU
		{18CF47A4-D1B9-4D2C-9715-6963DD8D457B}.AppStore|iPhoneSimulator.ActiveCfg = Debug|Any CPU
		{18CF47A4-D1B9-4D2C-9715-6963DD8D457B}.AppStore|iPhoneSimulator.Build.0 = Debug|Any CPU
		{18CF47A4-D1B9-4D2C-9715-6963DD8D457B}.AppStore|x64.ActiveCfg = Debug|Any CPU
		{18CF47A4-D1B9-4D2C-9715-6963DD8D457B}.AppStore|x64.Build.0 = Debug|Any CPU
		{18CF47A4-D1B9-4D2C-9715-6963DD8D457B}.AppStore|x86.ActiveCfg = Debug|Any CPU
		{18CF47A4-D1B9-4D2C-9715-6963DD8D457B}.AppStore|x86.Build.0 = Debug|Any CPU
		{18CF47A4-D1B9-4D2C-9715-6963DD8D457B}.Debug|Any CPU.ActiveCfg = Debug|Any CPU
		{18CF47A4-D1B9-4D2C-9715-6963DD8D457B}.Debug|Any CPU.Build.0 = Debug|Any CPU
		{18CF47A4-D1B9-4D2C-9715-6963DD8D457B}.Debug|ARM.ActiveCfg = Debug|Any CPU
		{18CF47A4-D1B9-4D2C-9715-6963DD8D457B}.Debug|ARM.Build.0 = Debug|Any CPU
		{18CF47A4-D1B9-4D2C-9715-6963DD8D457B}.Debug|ARM64.ActiveCfg = Debug|Any CPU
		{18CF47A4-D1B9-4D2C-9715-6963DD8D457B}.Debug|ARM64.Build.0 = Debug|Any CPU
		{18CF47A4-D1B9-4D2C-9715-6963DD8D457B}.Debug|iPhone.ActiveCfg = Debug|Any CPU
		{18CF47A4-D1B9-4D2C-9715-6963DD8D457B}.Debug|iPhone.Build.0 = Debug|Any CPU
		{18CF47A4-D1B9-4D2C-9715-6963DD8D457B}.Debug|iPhoneSimulator.ActiveCfg = Debug|Any CPU
		{18CF47A4-D1B9-4D2C-9715-6963DD8D457B}.Debug|iPhoneSimulator.Build.0 = Debug|Any CPU
		{18CF47A4-D1B9-4D2C-9715-6963DD8D457B}.Debug|x64.ActiveCfg = Debug|Any CPU
		{18CF47A4-D1B9-4D2C-9715-6963DD8D457B}.Debug|x64.Build.0 = Debug|Any CPU
		{18CF47A4-D1B9-4D2C-9715-6963DD8D457B}.Debug|x86.ActiveCfg = Debug|Any CPU
		{18CF47A4-D1B9-4D2C-9715-6963DD8D457B}.Debug|x86.Build.0 = Debug|Any CPU
		{18CF47A4-D1B9-4D2C-9715-6963DD8D457B}.Release|Any CPU.ActiveCfg = Release|Any CPU
		{18CF47A4-D1B9-4D2C-9715-6963DD8D457B}.Release|Any CPU.Build.0 = Release|Any CPU
		{18CF47A4-D1B9-4D2C-9715-6963DD8D457B}.Release|ARM.ActiveCfg = Release|Any CPU
		{18CF47A4-D1B9-4D2C-9715-6963DD8D457B}.Release|ARM.Build.0 = Release|Any CPU
		{18CF47A4-D1B9-4D2C-9715-6963DD8D457B}.Release|ARM64.ActiveCfg = Release|Any CPU
		{18CF47A4-D1B9-4D2C-9715-6963DD8D457B}.Release|ARM64.Build.0 = Release|Any CPU
		{18CF47A4-D1B9-4D2C-9715-6963DD8D457B}.Release|iPhone.ActiveCfg = Release|Any CPU
		{18CF47A4-D1B9-4D2C-9715-6963DD8D457B}.Release|iPhone.Build.0 = Release|Any CPU
		{18CF47A4-D1B9-4D2C-9715-6963DD8D457B}.Release|iPhoneSimulator.ActiveCfg = Release|Any CPU
		{18CF47A4-D1B9-4D2C-9715-6963DD8D457B}.Release|iPhoneSimulator.Build.0 = Release|Any CPU
		{18CF47A4-D1B9-4D2C-9715-6963DD8D457B}.Release|x64.ActiveCfg = Release|Any CPU
		{18CF47A4-D1B9-4D2C-9715-6963DD8D457B}.Release|x64.Build.0 = Release|Any CPU
		{18CF47A4-D1B9-4D2C-9715-6963DD8D457B}.Release|x86.ActiveCfg = Release|Any CPU
		{18CF47A4-D1B9-4D2C-9715-6963DD8D457B}.Release|x86.Build.0 = Release|Any CPU
		{0BFB983A-0246-4CA4-8398-A92AA4FF847A}.Ad-Hoc|Any CPU.ActiveCfg = Debug|Any CPU
		{0BFB983A-0246-4CA4-8398-A92AA4FF847A}.Ad-Hoc|Any CPU.Build.0 = Debug|Any CPU
		{0BFB983A-0246-4CA4-8398-A92AA4FF847A}.Ad-Hoc|ARM.ActiveCfg = Debug|Any CPU
		{0BFB983A-0246-4CA4-8398-A92AA4FF847A}.Ad-Hoc|ARM.Build.0 = Debug|Any CPU
		{0BFB983A-0246-4CA4-8398-A92AA4FF847A}.Ad-Hoc|ARM64.ActiveCfg = Debug|Any CPU
		{0BFB983A-0246-4CA4-8398-A92AA4FF847A}.Ad-Hoc|ARM64.Build.0 = Debug|Any CPU
		{0BFB983A-0246-4CA4-8398-A92AA4FF847A}.Ad-Hoc|iPhone.ActiveCfg = Debug|Any CPU
		{0BFB983A-0246-4CA4-8398-A92AA4FF847A}.Ad-Hoc|iPhone.Build.0 = Debug|Any CPU
		{0BFB983A-0246-4CA4-8398-A92AA4FF847A}.Ad-Hoc|iPhoneSimulator.ActiveCfg = Debug|Any CPU
		{0BFB983A-0246-4CA4-8398-A92AA4FF847A}.Ad-Hoc|iPhoneSimulator.Build.0 = Debug|Any CPU
		{0BFB983A-0246-4CA4-8398-A92AA4FF847A}.Ad-Hoc|x64.ActiveCfg = Debug|Any CPU
		{0BFB983A-0246-4CA4-8398-A92AA4FF847A}.Ad-Hoc|x64.Build.0 = Debug|Any CPU
		{0BFB983A-0246-4CA4-8398-A92AA4FF847A}.Ad-Hoc|x86.ActiveCfg = Debug|Any CPU
		{0BFB983A-0246-4CA4-8398-A92AA4FF847A}.Ad-Hoc|x86.Build.0 = Debug|Any CPU
		{0BFB983A-0246-4CA4-8398-A92AA4FF847A}.AppStore|Any CPU.ActiveCfg = Debug|Any CPU
		{0BFB983A-0246-4CA4-8398-A92AA4FF847A}.AppStore|Any CPU.Build.0 = Debug|Any CPU
		{0BFB983A-0246-4CA4-8398-A92AA4FF847A}.AppStore|ARM.ActiveCfg = Debug|Any CPU
		{0BFB983A-0246-4CA4-8398-A92AA4FF847A}.AppStore|ARM.Build.0 = Debug|Any CPU
		{0BFB983A-0246-4CA4-8398-A92AA4FF847A}.AppStore|ARM64.ActiveCfg = Debug|Any CPU
		{0BFB983A-0246-4CA4-8398-A92AA4FF847A}.AppStore|ARM64.Build.0 = Debug|Any CPU
		{0BFB983A-0246-4CA4-8398-A92AA4FF847A}.AppStore|iPhone.ActiveCfg = Debug|Any CPU
		{0BFB983A-0246-4CA4-8398-A92AA4FF847A}.AppStore|iPhone.Build.0 = Debug|Any CPU
		{0BFB983A-0246-4CA4-8398-A92AA4FF847A}.AppStore|iPhoneSimulator.ActiveCfg = Debug|Any CPU
		{0BFB983A-0246-4CA4-8398-A92AA4FF847A}.AppStore|iPhoneSimulator.Build.0 = Debug|Any CPU
		{0BFB983A-0246-4CA4-8398-A92AA4FF847A}.AppStore|x64.ActiveCfg = Debug|Any CPU
		{0BFB983A-0246-4CA4-8398-A92AA4FF847A}.AppStore|x64.Build.0 = Debug|Any CPU
		{0BFB983A-0246-4CA4-8398-A92AA4FF847A}.AppStore|x86.ActiveCfg = Debug|Any CPU
		{0BFB983A-0246-4CA4-8398-A92AA4FF847A}.AppStore|x86.Build.0 = Debug|Any CPU
		{0BFB983A-0246-4CA4-8398-A92AA4FF847A}.Debug|Any CPU.ActiveCfg = Debug|Any CPU
		{0BFB983A-0246-4CA4-8398-A92AA4FF847A}.Debug|Any CPU.Build.0 = Debug|Any CPU
		{0BFB983A-0246-4CA4-8398-A92AA4FF847A}.Debug|ARM.ActiveCfg = Debug|Any CPU
		{0BFB983A-0246-4CA4-8398-A92AA4FF847A}.Debug|ARM.Build.0 = Debug|Any CPU
		{0BFB983A-0246-4CA4-8398-A92AA4FF847A}.Debug|ARM64.ActiveCfg = Debug|Any CPU
		{0BFB983A-0246-4CA4-8398-A92AA4FF847A}.Debug|ARM64.Build.0 = Debug|Any CPU
		{0BFB983A-0246-4CA4-8398-A92AA4FF847A}.Debug|iPhone.ActiveCfg = Debug|Any CPU
		{0BFB983A-0246-4CA4-8398-A92AA4FF847A}.Debug|iPhone.Build.0 = Debug|Any CPU
		{0BFB983A-0246-4CA4-8398-A92AA4FF847A}.Debug|iPhoneSimulator.ActiveCfg = Debug|Any CPU
		{0BFB983A-0246-4CA4-8398-A92AA4FF847A}.Debug|iPhoneSimulator.Build.0 = Debug|Any CPU
		{0BFB983A-0246-4CA4-8398-A92AA4FF847A}.Debug|x64.ActiveCfg = Debug|Any CPU
		{0BFB983A-0246-4CA4-8398-A92AA4FF847A}.Debug|x64.Build.0 = Debug|Any CPU
		{0BFB983A-0246-4CA4-8398-A92AA4FF847A}.Debug|x86.ActiveCfg = Debug|Any CPU
		{0BFB983A-0246-4CA4-8398-A92AA4FF847A}.Debug|x86.Build.0 = Debug|Any CPU
		{0BFB983A-0246-4CA4-8398-A92AA4FF847A}.Release|Any CPU.ActiveCfg = Release|Any CPU
		{0BFB983A-0246-4CA4-8398-A92AA4FF847A}.Release|Any CPU.Build.0 = Release|Any CPU
		{0BFB983A-0246-4CA4-8398-A92AA4FF847A}.Release|ARM.ActiveCfg = Release|Any CPU
		{0BFB983A-0246-4CA4-8398-A92AA4FF847A}.Release|ARM.Build.0 = Release|Any CPU
		{0BFB983A-0246-4CA4-8398-A92AA4FF847A}.Release|ARM64.ActiveCfg = Release|Any CPU
		{0BFB983A-0246-4CA4-8398-A92AA4FF847A}.Release|ARM64.Build.0 = Release|Any CPU
		{0BFB983A-0246-4CA4-8398-A92AA4FF847A}.Release|iPhone.ActiveCfg = Release|Any CPU
		{0BFB983A-0246-4CA4-8398-A92AA4FF847A}.Release|iPhone.Build.0 = Release|Any CPU
		{0BFB983A-0246-4CA4-8398-A92AA4FF847A}.Release|iPhoneSimulator.ActiveCfg = Release|Any CPU
		{0BFB983A-0246-4CA4-8398-A92AA4FF847A}.Release|iPhoneSimulator.Build.0 = Release|Any CPU
		{0BFB983A-0246-4CA4-8398-A92AA4FF847A}.Release|x64.ActiveCfg = Release|Any CPU
		{0BFB983A-0246-4CA4-8398-A92AA4FF847A}.Release|x64.Build.0 = Release|Any CPU
		{0BFB983A-0246-4CA4-8398-A92AA4FF847A}.Release|x86.ActiveCfg = Release|Any CPU
		{0BFB983A-0246-4CA4-8398-A92AA4FF847A}.Release|x86.Build.0 = Release|Any CPU
		{5C791157-62D7-4FA6-B366-4F5CAB83C848}.Ad-Hoc|Any CPU.ActiveCfg = Debug|Any CPU
		{5C791157-62D7-4FA6-B366-4F5CAB83C848}.Ad-Hoc|Any CPU.Build.0 = Debug|Any CPU
		{5C791157-62D7-4FA6-B366-4F5CAB83C848}.Ad-Hoc|ARM.ActiveCfg = Debug|Any CPU
		{5C791157-62D7-4FA6-B366-4F5CAB83C848}.Ad-Hoc|ARM.Build.0 = Debug|Any CPU
		{5C791157-62D7-4FA6-B366-4F5CAB83C848}.Ad-Hoc|ARM64.ActiveCfg = Debug|Any CPU
		{5C791157-62D7-4FA6-B366-4F5CAB83C848}.Ad-Hoc|ARM64.Build.0 = Debug|Any CPU
		{5C791157-62D7-4FA6-B366-4F5CAB83C848}.Ad-Hoc|iPhone.ActiveCfg = Debug|Any CPU
		{5C791157-62D7-4FA6-B366-4F5CAB83C848}.Ad-Hoc|iPhone.Build.0 = Debug|Any CPU
		{5C791157-62D7-4FA6-B366-4F5CAB83C848}.Ad-Hoc|iPhoneSimulator.ActiveCfg = Debug|Any CPU
		{5C791157-62D7-4FA6-B366-4F5CAB83C848}.Ad-Hoc|iPhoneSimulator.Build.0 = Debug|Any CPU
		{5C791157-62D7-4FA6-B366-4F5CAB83C848}.Ad-Hoc|x64.ActiveCfg = Debug|Any CPU
		{5C791157-62D7-4FA6-B366-4F5CAB83C848}.Ad-Hoc|x64.Build.0 = Debug|Any CPU
		{5C791157-62D7-4FA6-B366-4F5CAB83C848}.Ad-Hoc|x86.ActiveCfg = Debug|Any CPU
		{5C791157-62D7-4FA6-B366-4F5CAB83C848}.Ad-Hoc|x86.Build.0 = Debug|Any CPU
		{5C791157-62D7-4FA6-B366-4F5CAB83C848}.AppStore|Any CPU.ActiveCfg = Debug|Any CPU
		{5C791157-62D7-4FA6-B366-4F5CAB83C848}.AppStore|Any CPU.Build.0 = Debug|Any CPU
		{5C791157-62D7-4FA6-B366-4F5CAB83C848}.AppStore|ARM.ActiveCfg = Debug|Any CPU
		{5C791157-62D7-4FA6-B366-4F5CAB83C848}.AppStore|ARM.Build.0 = Debug|Any CPU
		{5C791157-62D7-4FA6-B366-4F5CAB83C848}.AppStore|ARM64.ActiveCfg = Debug|Any CPU
		{5C791157-62D7-4FA6-B366-4F5CAB83C848}.AppStore|ARM64.Build.0 = Debug|Any CPU
		{5C791157-62D7-4FA6-B366-4F5CAB83C848}.AppStore|iPhone.ActiveCfg = Debug|Any CPU
		{5C791157-62D7-4FA6-B366-4F5CAB83C848}.AppStore|iPhone.Build.0 = Debug|Any CPU
		{5C791157-62D7-4FA6-B366-4F5CAB83C848}.AppStore|iPhoneSimulator.ActiveCfg = Debug|Any CPU
		{5C791157-62D7-4FA6-B366-4F5CAB83C848}.AppStore|iPhoneSimulator.Build.0 = Debug|Any CPU
		{5C791157-62D7-4FA6-B366-4F5CAB83C848}.AppStore|x64.ActiveCfg = Debug|Any CPU
		{5C791157-62D7-4FA6-B366-4F5CAB83C848}.AppStore|x64.Build.0 = Debug|Any CPU
		{5C791157-62D7-4FA6-B366-4F5CAB83C848}.AppStore|x86.ActiveCfg = Debug|Any CPU
		{5C791157-62D7-4FA6-B366-4F5CAB83C848}.AppStore|x86.Build.0 = Debug|Any CPU
		{5C791157-62D7-4FA6-B366-4F5CAB83C848}.Debug|Any CPU.ActiveCfg = Debug|Any CPU
		{5C791157-62D7-4FA6-B366-4F5CAB83C848}.Debug|Any CPU.Build.0 = Debug|Any CPU
		{5C791157-62D7-4FA6-B366-4F5CAB83C848}.Debug|ARM.ActiveCfg = Debug|Any CPU
		{5C791157-62D7-4FA6-B366-4F5CAB83C848}.Debug|ARM.Build.0 = Debug|Any CPU
		{5C791157-62D7-4FA6-B366-4F5CAB83C848}.Debug|ARM64.ActiveCfg = Debug|Any CPU
		{5C791157-62D7-4FA6-B366-4F5CAB83C848}.Debug|ARM64.Build.0 = Debug|Any CPU
		{5C791157-62D7-4FA6-B366-4F5CAB83C848}.Debug|iPhone.ActiveCfg = Debug|Any CPU
		{5C791157-62D7-4FA6-B366-4F5CAB83C848}.Debug|iPhone.Build.0 = Debug|Any CPU
		{5C791157-62D7-4FA6-B366-4F5CAB83C848}.Debug|iPhoneSimulator.ActiveCfg = Debug|Any CPU
		{5C791157-62D7-4FA6-B366-4F5CAB83C848}.Debug|iPhoneSimulator.Build.0 = Debug|Any CPU
		{5C791157-62D7-4FA6-B366-4F5CAB83C848}.Debug|x64.ActiveCfg = Debug|Any CPU
		{5C791157-62D7-4FA6-B366-4F5CAB83C848}.Debug|x64.Build.0 = Debug|Any CPU
		{5C791157-62D7-4FA6-B366-4F5CAB83C848}.Debug|x86.ActiveCfg = Debug|Any CPU
		{5C791157-62D7-4FA6-B366-4F5CAB83C848}.Debug|x86.Build.0 = Debug|Any CPU
		{5C791157-62D7-4FA6-B366-4F5CAB83C848}.Release|Any CPU.ActiveCfg = Release|Any CPU
		{5C791157-62D7-4FA6-B366-4F5CAB83C848}.Release|Any CPU.Build.0 = Release|Any CPU
		{5C791157-62D7-4FA6-B366-4F5CAB83C848}.Release|ARM.ActiveCfg = Release|Any CPU
		{5C791157-62D7-4FA6-B366-4F5CAB83C848}.Release|ARM.Build.0 = Release|Any CPU
		{5C791157-62D7-4FA6-B366-4F5CAB83C848}.Release|ARM64.ActiveCfg = Release|Any CPU
		{5C791157-62D7-4FA6-B366-4F5CAB83C848}.Release|ARM64.Build.0 = Release|Any CPU
		{5C791157-62D7-4FA6-B366-4F5CAB83C848}.Release|iPhone.ActiveCfg = Release|Any CPU
		{5C791157-62D7-4FA6-B366-4F5CAB83C848}.Release|iPhone.Build.0 = Release|Any CPU
		{5C791157-62D7-4FA6-B366-4F5CAB83C848}.Release|iPhoneSimulator.ActiveCfg = Release|Any CPU
		{5C791157-62D7-4FA6-B366-4F5CAB83C848}.Release|iPhoneSimulator.Build.0 = Release|Any CPU
		{5C791157-62D7-4FA6-B366-4F5CAB83C848}.Release|x64.ActiveCfg = Release|Any CPU
		{5C791157-62D7-4FA6-B366-4F5CAB83C848}.Release|x64.Build.0 = Release|Any CPU
		{5C791157-62D7-4FA6-B366-4F5CAB83C848}.Release|x86.ActiveCfg = Release|Any CPU
		{5C791157-62D7-4FA6-B366-4F5CAB83C848}.Release|x86.Build.0 = Release|Any CPU
	EndGlobalSection
	GlobalSection(SolutionProperties) = preSolution
		HideSolutionNode = FALSE
	EndGlobalSection
	GlobalSection(NestedProjects) = preSolution
		{E895352A-39AD-4447-B2F2-D74DC969C0EA} = {630CF0B8-E9DF-4A5F-834B-8073469F173F}
		{13E806C6-3833-4012-BE89-99848B133BF2} = {630CF0B8-E9DF-4A5F-834B-8073469F173F}
		{0C6812CB-3F0C-4B34-B839-FE0F1890FD15} = {630CF0B8-E9DF-4A5F-834B-8073469F173F}
		{C5612935-7C3E-4218-96BB-C4D24E18217D} = {630CF0B8-E9DF-4A5F-834B-8073469F173F}
		{E9273CF3-4E18-4906-8D0E-330C29C7D113} = {630CF0B8-E9DF-4A5F-834B-8073469F173F}
		{65A38874-33F3-4899-828F-4E1DED0B2C84} = {630CF0B8-E9DF-4A5F-834B-8073469F173F}
		{25EE3EB3-C413-4216-943B-6034947146A4} = {630CF0B8-E9DF-4A5F-834B-8073469F173F}
		{18CF47A4-D1B9-4D2C-9715-6963DD8D457B} = {630CF0B8-E9DF-4A5F-834B-8073469F173F}
		{0BFB983A-0246-4CA4-8398-A92AA4FF847A} = {630CF0B8-E9DF-4A5F-834B-8073469F173F}
	EndGlobalSection
	GlobalSection(ExtensibilityGlobals) = postSolution
		SolutionGuid = {AD50CE6C-EE5A-4DD2-9956-D9B03854A63C}
	EndGlobalSection
EndGlobal
